// !$*UTF8*$!
{
	archiveVersion = 1;
	classes = {
	};
	objectVersion = 54;
	objects = {

/* Begin PBXBuildFile section */
		0061BF9B6753422634DBF086 /* SleepyWidgetBundle.swift in Sources */ = {isa = PBXBuildFile; fileRef = 87411070D5476B65081E829B /* SleepyWidgetBundle.swift */; };
		017808802F6DC375BEA329F0 /* ExportImportRoundTripTests.swift in Sources */ = {isa = PBXBuildFile; fileRef = 3C66E6D2ABAEEAC25D75D8C3 /* ExportImportRoundTripTests.swift */; };
		0333BECAA6548B30792CDBBD /* AboutScreen.swift in Sources */ = {isa = PBXBuildFile; fileRef = 1DBE6E120D6B08E49C30A4C3 /* AboutScreen.swift */; };
		0622AA30976E2A962861F9AA /* WidgetDataLoaders.swift in Sources */ = {isa = PBXBuildFile; fileRef = B445492F562DDC2A16B5171D /* WidgetDataLoaders.swift */; };
		0721F81C7C4D4E517D11B4D0 /* AppGroupResolver.swift in Sources */ = {isa = PBXBuildFile; fileRef = A3F73FAB76399721B954DF20 /* AppGroupResolver.swift */; };
		0730FEAE6931481C90A557C4 /* JwSchoolInfo.swift in Sources */ = {isa = PBXBuildFile; fileRef = 22F391D73202D6B93FFF6070 /* JwSchoolInfo.swift */; };
		08BEFCDFB15D26CC79E26E52 /* WidgetTableResolver.swift in Sources */ = {isa = PBXBuildFile; fileRef = 0C144DF8370196EBA2816A1B /* WidgetTableResolver.swift */; };
		0A85C1402956ED7AA81EE29B /* ImportAuditUITests.swift in Sources */ = {isa = PBXBuildFile; fileRef = 0718B20F0D0233CEBDC569F8 /* ImportAuditUITests.swift */; };
		0C43277538AC5AA5DF57DD35 /* JwImportFlow.swift in Sources */ = {isa = PBXBuildFile; fileRef = 990A9D3555C706514CFAA8B3 /* JwImportFlow.swift */; };
		1359BA5B59555988AB6494CF /* DateUtils.swift in Sources */ = {isa = PBXBuildFile; fileRef = A1D79D23433FE386230D5AB1 /* DateUtils.swift */; };
		160CF854AADABDFB324E4D22 /* ScheduleRepository.swift in Sources */ = {isa = PBXBuildFile; fileRef = F93B2813DC503FB445168386 /* ScheduleRepository.swift */; };
		1EFE6A5CCA24F35DB5DC5A1C /* GRDB in Frameworks */ = {isa = PBXBuildFile; productRef = B58142DA4B1A49633BB19A05 /* GRDB */; };
		204AE00E39C760909B0B00CA /* SleepyUITestSeeder.swift in Sources */ = {isa = PBXBuildFile; fileRef = 7CA7389DF46C926458122F39 /* SleepyUITestSeeder.swift */; };
		22C390F65068B7B99CA619C3 /* WidgetContent.swift in Sources */ = {isa = PBXBuildFile; fileRef = 6D3C1BE11E1D3338FD98721F /* WidgetContent.swift */; };
		2333CE80B1AC298CAAD6A321 /* ScheduleParser.swift in Sources */ = {isa = PBXBuildFile; fileRef = A7DC9AA7E9C052C705251AA6 /* ScheduleParser.swift */; };
		247BD2909D3811BF1E518627 /* LocaleHelper.swift in Sources */ = {isa = PBXBuildFile; fileRef = 83F0807AB00ED93A168AD2C6 /* LocaleHelper.swift */; };
		25083A3FF7EDB6386F4AD3DC /* JwParserTests.swift in Sources */ = {isa = PBXBuildFile; fileRef = 4B8F322DCB1C5CF622C99C11 /* JwParserTests.swift */; };
		25A704D4D3EE469643332CFE /* UpdateManager.swift in Sources */ = {isa = PBXBuildFile; fileRef = EF4648DE833D3D2C58C52E6C /* UpdateManager.swift */; };
		2796FEB743582031203286AD /* TableEditUITests.swift in Sources */ = {isa = PBXBuildFile; fileRef = 13A484DCBC349DF312302C65 /* TableEditUITests.swift */; };
		2AB1C979346A5D643A0C2F16 /* CourseDaoChainTests.swift in Sources */ = {isa = PBXBuildFile; fileRef = 425CDED54ED7F74106731E8F /* CourseDaoChainTests.swift */; };
		2AE7F207B86347354D0810CC /* TwoDayWidgetView.swift in Sources */ = {isa = PBXBuildFile; fileRef = D52AFD49A9FA76836199F06A /* TwoDayWidgetView.swift */; };
		32C7A0EB4224644590EA4AB5 /* JwQzCrazyParser.swift in Sources */ = {isa = PBXBuildFile; fileRef = D3D445F86E00820411E38285 /* JwQzCrazyParser.swift */; };
		334E4375A4D51E4A269A969C /* ThemeAndPinyinTests.swift in Sources */ = {isa = PBXBuildFile; fileRef = BCC4B67228CB7512A7890C3D /* ThemeAndPinyinTests.swift */; };
		34C421D4351930ECCD846982 /* LaunchScreen.storyboard in Resources */ = {isa = PBXBuildFile; fileRef = C19106B8995541FFB0F73DB6 /* LaunchScreen.storyboard */; };
		351A32DF4BE95643A938844A /* UpdateInfo.swift in Sources */ = {isa = PBXBuildFile; fileRef = AD5B884B15CD7982BF4BC2F9 /* UpdateInfo.swift */; };
		35AED6976FAE210F6E93C694 /* SleepyUITests.swift in Sources */ = {isa = PBXBuildFile; fileRef = B18164021426E1BE78DB3F46 /* SleepyUITests.swift */; };
		35FFDF589B5449B7BFC58681 /* JwQzCrazyParser.swift in Sources */ = {isa = PBXBuildFile; fileRef = D3D445F86E00820411E38285 /* JwQzCrazyParser.swift */; };
		37865A10EE0433586AF21683 /* schools.json in Resources */ = {isa = PBXBuildFile; fileRef = 40B0375B042F64DCB87DBE3F /* schools.json */; };
		37D2BEE481DF10E1C3B103E6 /* TimeSlotEditor.swift in Sources */ = {isa = PBXBuildFile; fileRef = 290CA376AA06DF914D39E04B /* TimeSlotEditor.swift */; };
		37E1E714388305B1022FBD29 /* AddCourseScreen.swift in Sources */ = {isa = PBXBuildFile; fileRef = A636CB3A1BF94C7389163283 /* AddCourseScreen.swift */; };
		3853A4C40E605E0B23896116 /* ScheduleParser.swift in Sources */ = {isa = PBXBuildFile; fileRef = A7DC9AA7E9C052C705251AA6 /* ScheduleParser.swift */; };
		3866EF19BC8241EF0F67905F /* AllTablesScreen.swift in Sources */ = {isa = PBXBuildFile; fileRef = EB16BBC06209972B0E6B63A1 /* AllTablesScreen.swift */; };
		38C933C0072C5DB489AB22AA /* JwUrpParser.swift in Sources */ = {isa = PBXBuildFile; fileRef = 461D4FA2DB17915ACF3D0063 /* JwUrpParser.swift */; };
		39528768165F38372C693951 /* Assets.xcassets in Resources */ = {isa = PBXBuildFile; fileRef = 8D929FCEF4A32DF472275A70 /* Assets.xcassets */; };
		3A64AA5D792F584642FB7EEE /* SwiftSoup in Frameworks */ = {isa = PBXBuildFile; productRef = 49A964FB8D50A5C8458C305A /* SwiftSoup */; };
		3A92584C16FFA7E99C2FF391 /* TodayWidgetView.swift in Sources */ = {isa = PBXBuildFile; fileRef = 4025E8D10A574C8F59C29E21 /* TodayWidgetView.swift */; };
		3B54195E1B7FF9075762B522 /* ThemePresets.swift in Sources */ = {isa = PBXBuildFile; fileRef = 4B72E006270ED69703F906F4 /* ThemePresets.swift */; };
		3D51B7D1C05FBC714FE7E481 /* GRDB in Frameworks */ = {isa = PBXBuildFile; productRef = 3899CC7A7D018A6D641C5E75 /* GRDB */; };
		3D62756C181FAD2AC9F05B33 /* SmartPeriodConfig.swift in Sources */ = {isa = PBXBuildFile; fileRef = 1F623ECECCA2E2A91223E72C /* SmartPeriodConfig.swift */; };
		3DD6F4241087EF31CE73CAE5 /* JwSchoolInfo.swift in Sources */ = {isa = PBXBuildFile; fileRef = 22F391D73202D6B93FFF6070 /* JwSchoolInfo.swift */; };
		40061C26490E27046B141D5A /* JwWiseduParser.swift in Sources */ = {isa = PBXBuildFile; fileRef = 467B034A9889202CEA76931B /* JwWiseduParser.swift */; };
		43944B5632697D4438ECEF4C /* WeekListWidgetView.swift in Sources */ = {isa = PBXBuildFile; fileRef = 12CB5E397A61641128360FA3 /* WeekListWidgetView.swift */; };
		451EC791E28FAFB2754E6149 /* UpdateInfo.swift in Sources */ = {isa = PBXBuildFile; fileRef = AD5B884B15CD7982BF4BC2F9 /* UpdateInfo.swift */; };
		486E763FDB230519E148D20E /* MineScreen.swift in Sources */ = {isa = PBXBuildFile; fileRef = 05A3D362C9894D69BFFCEC3F /* MineScreen.swift */; };
		4B0BE4A90A3D8C0E1D17ECD9 /* TimeTableEntity.swift in Sources */ = {isa = PBXBuildFile; fileRef = 480CB26C5638A20DE5CED8AC /* TimeTableEntity.swift */; };
		4C11CEA9A518D6F2972027E6 /* ScheduleRepository.swift in Sources */ = {isa = PBXBuildFile; fileRef = F93B2813DC503FB445168386 /* ScheduleRepository.swift */; };
		4D12094DB99D2877F409F0FD /* VersionAndUpdateTests.swift in Sources */ = {isa = PBXBuildFile; fileRef = C69CDDE3F7F1E2BEA3DA3C03 /* VersionAndUpdateTests.swift */; };
		4FB605D9F58DCE55719C200F /* JwQzParser.swift in Sources */ = {isa = PBXBuildFile; fileRef = 166C8FB4895B9F8ACF079DDD /* JwQzParser.swift */; };
		51DE36E1BE967304466D8368 /* WidgetContent.swift in Sources */ = {isa = PBXBuildFile; fileRef = 6D3C1BE11E1D3338FD98721F /* WidgetContent.swift */; };
		52BF11E4543EFC2F7C4941BA /* AppGroupResolver.swift in Sources */ = {isa = PBXBuildFile; fileRef = A3F73FAB76399721B954DF20 /* AppGroupResolver.swift */; };
		52D98DAC3D9567B72C73792B /* schools.json in Resources */ = {isa = PBXBuildFile; fileRef = 40B0375B042F64DCB87DBE3F /* schools.json */; };
		57DAC24943EF538C3837B5FB /* VersionUtils.swift in Sources */ = {isa = PBXBuildFile; fileRef = C0892BA3B202EE76234C0CC9 /* VersionUtils.swift */; };
		592D44339BC45779F6A848C8 /* JwWebViewLoginScreen.swift in Sources */ = {isa = PBXBuildFile; fileRef = 8F7AF4E2551FE143942A3F3F /* JwWebViewLoginScreen.swift */; };
		5A08679A20DB96F3A56D5DBB /* MineSettingsUITests.swift in Sources */ = {isa = PBXBuildFile; fileRef = AD3F0EE026CF01741657A7AD /* MineSettingsUITests.swift */; };
		5BB9CEB5499F051A3EE0F4D2 /* ManageImportUITests.swift in Sources */ = {isa = PBXBuildFile; fileRef = C2F2A17F12A54A7F6392BA2C /* ManageImportUITests.swift */; };
		5CC516C7ED012D9929322DC7 /* WeekListWidgetView.swift in Sources */ = {isa = PBXBuildFile; fileRef = 12CB5E397A61641128360FA3 /* WeekListWidgetView.swift */; };
		5D21F5E0A4B2FB62832B4851 /* ScheduleExporter.swift in Sources */ = {isa = PBXBuildFile; fileRef = AEAA495471D6CEA3AECFD615 /* ScheduleExporter.swift */; };
		5D4A7479034564838FE09CF0 /* SwiftSoup in Frameworks */ = {isa = PBXBuildFile; productRef = 9479A91B84B8B1735A6AC878 /* SwiftSoup */; };
		5ECE1550C726A3AF6308A71A /* WidgetTableResolver.swift in Sources */ = {isa = PBXBuildFile; fileRef = 0C144DF8370196EBA2816A1B /* WidgetTableResolver.swift */; };
		6490703A999373DFF63E3F2A /* SchoolSelectScreen.swift in Sources */ = {isa = PBXBuildFile; fileRef = 90B4ADA3F4D0F22AB81E78C4 /* SchoolSelectScreen.swift */; };
		658D875BFD9C89E43F647582 /* CourseEditorUITests.swift in Sources */ = {isa = PBXBuildFile; fileRef = 64BF7FAB38EE44A780C793BD /* CourseEditorUITests.swift */; };
		65CE9E557881A66E2169BF28 /* TimeTableEntity.swift in Sources */ = {isa = PBXBuildFile; fileRef = 480CB26C5638A20DE5CED8AC /* TimeTableEntity.swift */; };
		65CF01F49FC04AD316F12BB6 /* AppDatabase.swift in Sources */ = {isa = PBXBuildFile; fileRef = FF2B16F1E64028F96C4B5AD5 /* AppDatabase.swift */; };
		667A9EB53C54336E43442489 /* ThemePresets.swift in Sources */ = {isa = PBXBuildFile; fileRef = 4B72E006270ED69703F906F4 /* ThemePresets.swift */; };
		6681365B327B45F2D250BA43 /* Theme.swift in Sources */ = {isa = PBXBuildFile; fileRef = 5FE23E8A9E4FEBC54F0F90DF /* Theme.swift */; };
		6A146A0A07E98B39A265A340 /* ReminderScreen.swift in Sources */ = {isa = PBXBuildFile; fileRef = 7D8DF7E3509AC5B4147E75C8 /* ReminderScreen.swift */; };
		6BBB2B69C29DFE42F6E555BD /* SmartPeriodConfig.swift in Sources */ = {isa = PBXBuildFile; fileRef = 1F623ECECCA2E2A91223E72C /* SmartPeriodConfig.swift */; };
		6DBAC0D88FECC7F3CD92F43C /* CourseDetailSheet.swift in Sources */ = {isa = PBXBuildFile; fileRef = 6B9605A27EE773F13A53F202 /* CourseDetailSheet.swift */; };
		6E05CDFBB3E25A4B6BB095C9 /* WidgetCourseCard.swift in Sources */ = {isa = PBXBuildFile; fileRef = 5ACF85CE927A56FE05B7CABB /* WidgetCourseCard.swift */; };
		7054254AAA9E487D63CFDE55 /* ScheduleFlowUITests.swift in Sources */ = {isa = PBXBuildFile; fileRef = 7607CC5E3679C603264B6E73 /* ScheduleFlowUITests.swift */; };
		708B015DABC17CBB868D1D6E /* PinyinMatcher.swift in Sources */ = {isa = PBXBuildFile; fileRef = 690DF83E91E199DFE66F9756 /* PinyinMatcher.swift */; };
		71A63D49A1A964C911C5F47A /* JwWiseduParser.swift in Sources */ = {isa = PBXBuildFile; fileRef = 467B034A9889202CEA76931B /* JwWiseduParser.swift */; };
		73A53B07D725587DD43E8777 /* Assets.xcassets in Resources */ = {isa = PBXBuildFile; fileRef = 8D929FCEF4A32DF472275A70 /* Assets.xcassets */; };
		74678E3DCC6D48477BC81B24 /* PinyinMatcher.swift in Sources */ = {isa = PBXBuildFile; fileRef = 690DF83E91E199DFE66F9756 /* PinyinMatcher.swift */; };
		75BDBE0C304130911EB16781 /* CourseEntity.swift in Sources */ = {isa = PBXBuildFile; fileRef = 4C7D97FDF0BE721C309E4F67 /* CourseEntity.swift */; };
		76FF6F179A8C437B32A20887 /* SmartPeriodConfigTests.swift in Sources */ = {isa = PBXBuildFile; fileRef = 196825AFE35B5C0E3D277722 /* SmartPeriodConfigTests.swift */; };
		77BF6566053079C67DBD9122 /* CourseEntity.swift in Sources */ = {isa = PBXBuildFile; fileRef = 4C7D97FDF0BE721C309E4F67 /* CourseEntity.swift */; };
		783DA0C18585ABE2B0F38CE4 /* JwNewZfParser.swift in Sources */ = {isa = PBXBuildFile; fileRef = 5C1D8BD48F149CE16160CE84 /* JwNewZfParser.swift */; };
		7886F9D30CF882DA17E5DD03 /* SettingsCards.swift in Sources */ = {isa = PBXBuildFile; fileRef = ABE15454AE12C13CA8A96C9D /* SettingsCards.swift */; };
		7B39EA18C8D7D03359DD1605 /* SleepyWidget.appex in Embed Foundation Extensions */ = {isa = PBXBuildFile; fileRef = 64CFB5B5DD63AC209144EEDD /* SleepyWidget.appex */; settings = {ATTRIBUTES = (RemoveHeadersOnCopy, ); }; };
		7EDE753B2953799E66FC71E7 /* JwProtocol.swift in Sources */ = {isa = PBXBuildFile; fileRef = 3480ED82E92E5E453EA66874 /* JwProtocol.swift */; };
		7F9742C5721DF7B60B461AD9 /* NotificationScheduler.swift in Sources */ = {isa = PBXBuildFile; fileRef = 8B945AD465F81AFC535B658B /* NotificationScheduler.swift */; };
		82043935FD859F247D143C7A /* TodayWidgetView.swift in Sources */ = {isa = PBXBuildFile; fileRef = 4025E8D10A574C8F59C29E21 /* TodayWidgetView.swift */; };
		85CDA2ACCCF749A4D3DC7619 /* WeekGridWidgetView.swift in Sources */ = {isa = PBXBuildFile; fileRef = 76EC0EF9B72C669E4A56B91E /* WeekGridWidgetView.swift */; };
		862CC2DE902FFABC92F04206 /* SleepyApp.swift in Sources */ = {isa = PBXBuildFile; fileRef = 34F065FDCFDCA2A4AED9B5B8 /* SleepyApp.swift */; };
		869D1AA60751414B1311B556 /* NotificationScheduler.swift in Sources */ = {isa = PBXBuildFile; fileRef = 8B945AD465F81AFC535B658B /* NotificationScheduler.swift */; };
		86FF163341AEE46A2552EE51 /* WeekViewWidgetView.swift in Sources */ = {isa = PBXBuildFile; fileRef = 804FD9B63BCC3C1726B9CAFF /* WeekViewWidgetView.swift */; };
		876ED70CEEEF70194B99CFC3 /* JwImportViewModel.swift in Sources */ = {isa = PBXBuildFile; fileRef = B413E30FAD9261068960FC5F /* JwImportViewModel.swift */; };
		89FAB921C7D98EA9A507D61A /* JwParser.swift in Sources */ = {isa = PBXBuildFile; fileRef = 1D9090ACA661D747DF0AB718 /* JwParser.swift */; };
		8AAF5A7A3F027E8E1BE88727 /* TimeTableDao.swift in Sources */ = {isa = PBXBuildFile; fileRef = 6E5DE7210118C9EC520F007E /* TimeTableDao.swift */; };
		92F5FBC94FF2A739A0980E4E /* AppDatabase.swift in Sources */ = {isa = PBXBuildFile; fileRef = FF2B16F1E64028F96C4B5AD5 /* AppDatabase.swift */; };
		955AA3AAA68DB122F123785B /* CourseColorUtilTests.swift in Sources */ = {isa = PBXBuildFile; fileRef = 5F19B09B9CF4562AD9450D43 /* CourseColorUtilTests.swift */; };
		98544E2088C4F05545980CA9 /* JwCourse.swift in Sources */ = {isa = PBXBuildFile; fileRef = 39EE2EC9F37C40DBBE526D31 /* JwCourse.swift */; };
		9B9D3517FEE37311F47168DD /* SleepyUITestSeeder.swift in Sources */ = {isa = PBXBuildFile; fileRef = 7CA7389DF46C926458122F39 /* SleepyUITestSeeder.swift */; };
		9C3967DF73C2215296271E04 /* CourseDao.swift in Sources */ = {isa = PBXBuildFile; fileRef = 9D3AA9F8B115E2B804EBDA31 /* CourseDao.swift */; };
		9D4CA596D6A10BD76864AB6C /* ScheduleViewModel.swift in Sources */ = {isa = PBXBuildFile; fileRef = B676529801720CE8A47480B3 /* ScheduleViewModel.swift */; };
		9F02858A924B94A81586B6B7 /* JwNewUrpParser.swift in Sources */ = {isa = PBXBuildFile; fileRef = F3858841858390C66EB60926 /* JwNewUrpParser.swift */; };
		A573D8081A5FC8074012C42A /* GeneralSettingsScreen.swift in Sources */ = {isa = PBXBuildFile; fileRef = DA6CEF27A9C39504E09D3487 /* GeneralSettingsScreen.swift */; };
		A7E770E7D1250EBC905B0B8E /* JwCourse.swift in Sources */ = {isa = PBXBuildFile; fileRef = 39EE2EC9F37C40DBBE526D31 /* JwCourse.swift */; };
		ADC5B1DC5FC83964820C18EE /* L10n.swift in Sources */ = {isa = PBXBuildFile; fileRef = 60056452C13B6C1D48E232C7 /* L10n.swift */; };
		B1436FEAB213A86DC79048AA /* UpdateManager.swift in Sources */ = {isa = PBXBuildFile; fileRef = EF4648DE833D3D2C58C52E6C /* UpdateManager.swift */; };
		B28F1749B30AA833506A16D0 /* SegmentedSwitcher.swift in Sources */ = {isa = PBXBuildFile; fileRef = AAA25C6698B82B80FF02AB1B /* SegmentedSwitcher.swift */; };
		B707D96F7A4DCA000A563F43 /* JwParser.swift in Sources */ = {isa = PBXBuildFile; fileRef = 1D9090ACA661D747DF0AB718 /* JwParser.swift */; };
		B7B7B9E50F2427797E4F6752 /* CourseColorUtil.swift in Sources */ = {isa = PBXBuildFile; fileRef = 5F8589E7A5EA8C34355C1FFF /* CourseColorUtil.swift */; };
		BA2743A24ED00F9986AB65E3 /* TimeTableUtils.swift in Sources */ = {isa = PBXBuildFile; fileRef = 74EB72448743A4CF5CF466C5 /* TimeTableUtils.swift */; };
		BA5D6AE2D8A400A25159A6DE /* CourseColorUtil.swift in Sources */ = {isa = PBXBuildFile; fileRef = 5F8589E7A5EA8C34355C1FFF /* CourseColorUtil.swift */; };
		C0F89FA03A1F3657F20F3602 /* SmartPeriodEditor.swift in Sources */ = {isa = PBXBuildFile; fileRef = 7B3E1AC29BB571E46B9B7476 /* SmartPeriodEditor.swift */; };
		C21BE4CC99F37CFB5B661001 /* JwNewUrpParser.swift in Sources */ = {isa = PBXBuildFile; fileRef = F3858841858390C66EB60926 /* JwNewUrpParser.swift */; };
		C75EAA02EC7094A728B8A0F7 /* JwQzParser.swift in Sources */ = {isa = PBXBuildFile; fileRef = 166C8FB4895B9F8ACF079DDD /* JwQzParser.swift */; };
		C7E1B6270651CCFDB000813D /* ExportScreen.swift in Sources */ = {isa = PBXBuildFile; fileRef = 9275738703FAD36D408DAA49 /* ExportScreen.swift */; };
		C8B2D015F3FAFE55BA27BBE9 /* WeekGridWidgetView.swift in Sources */ = {isa = PBXBuildFile; fileRef = 76EC0EF9B72C669E4A56B91E /* WeekGridWidgetView.swift */; };
		CA1CE6B8588EBA1973F7C38A /* Theme.swift in Sources */ = {isa = PBXBuildFile; fileRef = 5FE23E8A9E4FEBC54F0F90DF /* Theme.swift */; };
		CCF2D5C5DAE7849F3A8D0C94 /* PillNavigationBar.swift in Sources */ = {isa = PBXBuildFile; fileRef = 670EC898DF9415793C5762E3 /* PillNavigationBar.swift */; };
		CD11FBD5ABFA3953CE6E30A0 /* JwProtocol.swift in Sources */ = {isa = PBXBuildFile; fileRef = 3480ED82E92E5E453EA66874 /* JwProtocol.swift */; };
		CD765CAE5026036D50FCD4F5 /* ManagementPage.swift in Sources */ = {isa = PBXBuildFile; fileRef = 5B51026659FD36F62B0A0281 /* ManagementPage.swift */; };
		CD777F7A41318DA863A267CD /* ImportSheet.swift in Sources */ = {isa = PBXBuildFile; fileRef = 24530B6DC99642CD638100EE /* ImportSheet.swift */; };
		CF4775FD01AE97CE9C594347 /* WidgetDataLoaders.swift in Sources */ = {isa = PBXBuildFile; fileRef = B445492F562DDC2A16B5171D /* WidgetDataLoaders.swift */; };
		D1DAE4F6D52A83D515D91744 /* AppearanceScreen.swift in Sources */ = {isa = PBXBuildFile; fileRef = 779E427676157A13B322A5B5 /* AppearanceScreen.swift */; };
		D289B54F535EFF1753F5AD4C /* SleepyPlaceholderTests.swift in Sources */ = {isa = PBXBuildFile; fileRef = 4E82A553EBD1D0C8456D3011 /* SleepyPlaceholderTests.swift */; };
		D2E92422ED2FA5E9F9645DE3 /* AppPrefs.swift in Sources */ = {isa = PBXBuildFile; fileRef = DB174180E779B7796964E378 /* AppPrefs.swift */; };
		D6770DDC7A4CB4206244FDD1 /* Localizable.strings in Resources */ = {isa = PBXBuildFile; fileRef = 1205376525F575AF970B7CD4 /* Localizable.strings */; };
		D7FEDBA885B825B893C17A74 /* JwImportViewModel.swift in Sources */ = {isa = PBXBuildFile; fileRef = B413E30FAD9261068960FC5F /* JwImportViewModel.swift */; };
		D850C9512A65FE07DDC9556F /* AppPrefs.swift in Sources */ = {isa = PBXBuildFile; fileRef = DB174180E779B7796964E378 /* AppPrefs.swift */; };
		D911A052D7EDDB447BFE63DC /* JwUrpParser.swift in Sources */ = {isa = PBXBuildFile; fileRef = 461D4FA2DB17915ACF3D0063 /* JwUrpParser.swift */; };
		DAEEAB71152DD2BF2651A9E5 /* VersionUtils.swift in Sources */ = {isa = PBXBuildFile; fileRef = C0892BA3B202EE76234C0CC9 /* VersionUtils.swift */; };
		DEBE30D3C794C197EDF3464E /* TimeTableUtils.swift in Sources */ = {isa = PBXBuildFile; fileRef = 74EB72448743A4CF5CF466C5 /* TimeTableUtils.swift */; };
		DF3C38B397BF68B63560316F /* CourseDao.swift in Sources */ = {isa = PBXBuildFile; fileRef = 9D3AA9F8B115E2B804EBDA31 /* CourseDao.swift */; };
		DFFBB81BEE798AFA2850BF99 /* resources in Resources */ = {isa = PBXBuildFile; fileRef = F84E511E00AFD8247D4D4B07 /* resources */; };
		E0CED6FC72F5733EDEB8EDAF /* WidgetCourseCard.swift in Sources */ = {isa = PBXBuildFile; fileRef = 5ACF85CE927A56FE05B7CABB /* WidgetCourseCard.swift */; };
		E2CD16EE311B59D8B0B6CB74 /* L10n.swift in Sources */ = {isa = PBXBuildFile; fileRef = 60056452C13B6C1D48E232C7 /* L10n.swift */; };
		E2D0FD72A4735BD6B9451AB0 /* JwNewZfParser.swift in Sources */ = {isa = PBXBuildFile; fileRef = 5C1D8BD48F149CE16160CE84 /* JwNewZfParser.swift */; };
		E3A1781977A55E7FE5CC8BA1 /* ScheduleExporter.swift in Sources */ = {isa = PBXBuildFile; fileRef = AEAA495471D6CEA3AECFD615 /* ScheduleExporter.swift */; };
		EC2F5B2FFEEF908131D0D88E /* WidgetLogicTests.swift in Sources */ = {isa = PBXBuildFile; fileRef = 883A8F99C25404524386B89E /* WidgetLogicTests.swift */; };
		EC71988CF2185B0F043DCA31 /* ScheduleScreen.swift in Sources */ = {isa = PBXBuildFile; fileRef = 449BD8236BF9A935B646F5F3 /* ScheduleScreen.swift */; };
		ED1304B67D86E2778FC7A12F /* CourseTableView.swift in Sources */ = {isa = PBXBuildFile; fileRef = 1335D448B44CCFBFCDA813D3 /* CourseTableView.swift */; };
		EE370D4EE99E09A66A682D22 /* TodayScreen.swift in Sources */ = {isa = PBXBuildFile; fileRef = 4416D5B0BDC66E042718596B /* TodayScreen.swift */; };
		EFA7E01FD14A1381CC266E23 /* LaunchScreen.storyboard in Resources */ = {isa = PBXBuildFile; fileRef = C19106B8995541FFB0F73DB6 /* LaunchScreen.storyboard */; };
		EFBA358CFB2F74092DBDB6CB /* DateUtils.swift in Sources */ = {isa = PBXBuildFile; fileRef = A1D79D23433FE386230D5AB1 /* DateUtils.swift */; };
		F3C52FFD89C2D0D908A32C89 /* LocaleHelper.swift in Sources */ = {isa = PBXBuildFile; fileRef = 83F0807AB00ED93A168AD2C6 /* LocaleHelper.swift */; };
		F48DABCC146D655E683D42EF /* WeekViewWidgetView.swift in Sources */ = {isa = PBXBuildFile; fileRef = 804FD9B63BCC3C1726B9CAFF /* WeekViewWidgetView.swift */; };
		F4F3C180248F3621BFF7E4C4 /* TimeTableUtilsTests.swift in Sources */ = {isa = PBXBuildFile; fileRef = 6B54C7ABE0AD4B91392A32A1 /* TimeTableUtilsTests.swift */; };
		F5B6512BFE9EB65E52C1FAD5 /* DateTimePickers.swift in Sources */ = {isa = PBXBuildFile; fileRef = B26C1FC7457815C7A78F9026 /* DateTimePickers.swift */; };
		F641EDE75578F5F85B651651 /* Localizable.strings in Resources */ = {isa = PBXBuildFile; fileRef = 1205376525F575AF970B7CD4 /* Localizable.strings */; };
		F65B4753901D75DE1D367046 /* ParserAuditTests.swift in Sources */ = {isa = PBXBuildFile; fileRef = 1BCB8B72B49233D52340AB7A /* ParserAuditTests.swift */; };
		F90AF82583153D795EF0668B /* TwoDayWidgetView.swift in Sources */ = {isa = PBXBuildFile; fileRef = D52AFD49A9FA76836199F06A /* TwoDayWidgetView.swift */; };
		FB98667FC708E0C9DC47DDFE /* DateUtilsTests.swift in Sources */ = {isa = PBXBuildFile; fileRef = 15AF7FB34120128873D5A25C /* DateUtilsTests.swift */; };
		FE3F3F116C8AC1DD82608A7E /* TimeTableDao.swift in Sources */ = {isa = PBXBuildFile; fileRef = 6E5DE7210118C9EC520F007E /* TimeTableDao.swift */; };
		FE8B31B87F74A275C27FF9F6 /* SchoolSelectUITests.swift in Sources */ = {isa = PBXBuildFile; fileRef = C9499DA6423AC6165B96C599 /* SchoolSelectUITests.swift */; };
		FF205A3D7603AFACA16E78F0 /* EditTableScreen.swift in Sources */ = {isa = PBXBuildFile; fileRef = 370A630F8E293663E9B52AE2 /* EditTableScreen.swift */; };
/* End PBXBuildFile section */

/* Begin PBXContainerItemProxy section */
		5454E6B4A695F8DB1AD47D5B /* PBXContainerItemProxy */ = {
			isa = PBXContainerItemProxy;
			containerPortal = 91C202EC74046D089FFA0F14 /* Project object */;
			proxyType = 1;
			remoteGlobalIDString = 5292F54B11655E3F1B8096ED;
			remoteInfo = Sleepy;
		};
		86469EB91E248246060EE77C /* PBXContainerItemProxy */ = {
			isa = PBXContainerItemProxy;
			containerPortal = 91C202EC74046D089FFA0F14 /* Project object */;
			proxyType = 1;
			remoteGlobalIDString = 5292F54B11655E3F1B8096ED;
			remoteInfo = Sleepy;
		};
		D6F04DD7DA0BAC9D589566B1 /* PBXContainerItemProxy */ = {
			isa = PBXContainerItemProxy;
			containerPortal = 91C202EC74046D089FFA0F14 /* Project object */;
			proxyType = 1;
			remoteGlobalIDString = DC378BF644C25C9AE77602E9;
			remoteInfo = SleepyWidget;
		};
/* End PBXContainerItemProxy section */

/* Begin PBXCopyFilesBuildPhase section */
		C06A3431966930D5AF3E16A1 /* Embed Foundation Extensions */ = {
			isa = PBXCopyFilesBuildPhase;
			buildActionMask = 2147483647;
			dstPath = "";
			dstSubfolderSpec = 13;
			files = (
				7B39EA18C8D7D03359DD1605 /* SleepyWidget.appex in Embed Foundation Extensions */,
			);
			name = "Embed Foundation Extensions";
			runOnlyForDeploymentPostprocessing = 0;
		};
/* End PBXCopyFilesBuildPhase section */

/* Begin PBXFileReference section */
		05A3D362C9894D69BFFCEC3F /* MineScreen.swift */ = {isa = PBXFileReference; lastKnownFileType = sourcecode.swift; path = MineScreen.swift; sourceTree = "<group>"; };
		0718B20F0D0233CEBDC569F8 /* ImportAuditUITests.swift */ = {isa = PBXFileReference; lastKnownFileType = sourcecode.swift; path = ImportAuditUITests.swift; sourceTree = "<group>"; };
		0A34060A11A2074B2B02C7E1 /* Info.plist */ = {isa = PBXFileReference; lastKnownFileType = text.plist; path = Info.plist; sourceTree = "<group>"; };
		0C144DF8370196EBA2816A1B /* WidgetTableResolver.swift */ = {isa = PBXFileReference; lastKnownFileType = sourcecode.swift; path = WidgetTableResolver.swift; sourceTree = "<group>"; };
		1274843FE9312E87CD5807D5 /* Info.plist */ = {isa = PBXFileReference; lastKnownFileType = text.plist; path = Info.plist; sourceTree = "<group>"; };
		12CB5E397A61641128360FA3 /* WeekListWidgetView.swift */ = {isa = PBXFileReference; lastKnownFileType = sourcecode.swift; path = WeekListWidgetView.swift; sourceTree = "<group>"; };
		1335D448B44CCFBFCDA813D3 /* CourseTableView.swift */ = {isa = PBXFileReference; lastKnownFileType = sourcecode.swift; path = CourseTableView.swift; sourceTree = "<group>"; };
		13A484DCBC349DF312302C65 /* TableEditUITests.swift */ = {isa = PBXFileReference; lastKnownFileType = sourcecode.swift; path = TableEditUITests.swift; sourceTree = "<group>"; };
		15AF7FB34120128873D5A25C /* DateUtilsTests.swift */ = {isa = PBXFileReference; lastKnownFileType = sourcecode.swift; path = DateUtilsTests.swift; sourceTree = "<group>"; };
		166C8FB4895B9F8ACF079DDD /* JwQzParser.swift */ = {isa = PBXFileReference; lastKnownFileType = sourcecode.swift; path = JwQzParser.swift; sourceTree = "<group>"; };
		1849E41D4246ACF12E07B8F0 /* zh-Hans */ = {isa = PBXFileReference; lastKnownFileType = text.plist.strings; name = "zh-Hans"; path = "zh-Hans.lproj/Localizable.strings"; sourceTree = "<group>"; };
		196825AFE35B5C0E3D277722 /* SmartPeriodConfigTests.swift */ = {isa = PBXFileReference; lastKnownFileType = sourcecode.swift; path = SmartPeriodConfigTests.swift; sourceTree = "<group>"; };
		1BCB8B72B49233D52340AB7A /* ParserAuditTests.swift */ = {isa = PBXFileReference; lastKnownFileType = sourcecode.swift; path = ParserAuditTests.swift; sourceTree = "<group>"; };
		1D9090ACA661D747DF0AB718 /* JwParser.swift */ = {isa = PBXFileReference; lastKnownFileType = sourcecode.swift; path = JwParser.swift; sourceTree = "<group>"; };
		1DBE6E120D6B08E49C30A4C3 /* AboutScreen.swift */ = {isa = PBXFileReference; lastKnownFileType = sourcecode.swift; path = AboutScreen.swift; sourceTree = "<group>"; };
		1F623ECECCA2E2A91223E72C /* SmartPeriodConfig.swift */ = {isa = PBXFileReference; lastKnownFileType = sourcecode.swift; path = SmartPeriodConfig.swift; sourceTree = "<group>"; };
		22F391D73202D6B93FFF6070 /* JwSchoolInfo.swift */ = {isa = PBXFileReference; lastKnownFileType = sourcecode.swift; path = JwSchoolInfo.swift; sourceTree = "<group>"; };
		24530B6DC99642CD638100EE /* ImportSheet.swift */ = {isa = PBXFileReference; lastKnownFileType = sourcecode.swift; path = ImportSheet.swift; sourceTree = "<group>"; };
		290CA376AA06DF914D39E04B /* TimeSlotEditor.swift */ = {isa = PBXFileReference; lastKnownFileType = sourcecode.swift; path = TimeSlotEditor.swift; sourceTree = "<group>"; };
		3480ED82E92E5E453EA66874 /* JwProtocol.swift */ = {isa = PBXFileReference; lastKnownFileType = sourcecode.swift; path = JwProtocol.swift; sourceTree = "<group>"; };
		34F065FDCFDCA2A4AED9B5B8 /* SleepyApp.swift */ = {isa = PBXFileReference; lastKnownFileType = sourcecode.swift; path = SleepyApp.swift; sourceTree = "<group>"; };
		370A630F8E293663E9B52AE2 /* EditTableScreen.swift */ = {isa = PBXFileReference; lastKnownFileType = sourcecode.swift; path = EditTableScreen.swift; sourceTree = "<group>"; };
		3809683F11A502026D9F44C5 /* Info.plist */ = {isa = PBXFileReference; lastKnownFileType = text.plist; path = Info.plist; sourceTree = "<group>"; };
		38ACCC7671C8A0AA3121947D /* zh-Hant */ = {isa = PBXFileReference; lastKnownFileType = text.plist.strings; name = "zh-Hant"; path = "zh-Hant.lproj/Localizable.strings"; sourceTree = "<group>"; };
		39EE2EC9F37C40DBBE526D31 /* JwCourse.swift */ = {isa = PBXFileReference; lastKnownFileType = sourcecode.swift; path = JwCourse.swift; sourceTree = "<group>"; };
		3C66E6D2ABAEEAC25D75D8C3 /* ExportImportRoundTripTests.swift */ = {isa = PBXFileReference; lastKnownFileType = sourcecode.swift; path = ExportImportRoundTripTests.swift; sourceTree = "<group>"; };
		3CE7034F859FC0E80A0569C9 /* SleepyTests.xctest */ = {isa = PBXFileReference; includeInIndex = 0; lastKnownFileType = wrapper.cfbundle; path = SleepyTests.xctest; sourceTree = BUILT_PRODUCTS_DIR; };
		4025E8D10A574C8F59C29E21 /* TodayWidgetView.swift */ = {isa = PBXFileReference; lastKnownFileType = sourcecode.swift; path = TodayWidgetView.swift; sourceTree = "<group>"; };
		40B0375B042F64DCB87DBE3F /* schools.json */ = {isa = PBXFileReference; lastKnownFileType = text.json; path = schools.json; sourceTree = "<group>"; };
		425CDED54ED7F74106731E8F /* CourseDaoChainTests.swift */ = {isa = PBXFileReference; lastKnownFileType = sourcecode.swift; path = CourseDaoChainTests.swift; sourceTree = "<group>"; };
		4416D5B0BDC66E042718596B /* TodayScreen.swift */ = {isa = PBXFileReference; lastKnownFileType = sourcecode.swift; path = TodayScreen.swift; sourceTree = "<group>"; };
		449BD8236BF9A935B646F5F3 /* ScheduleScreen.swift */ = {isa = PBXFileReference; lastKnownFileType = sourcecode.swift; path = ScheduleScreen.swift; sourceTree = "<group>"; };
		461D4FA2DB17915ACF3D0063 /* JwUrpParser.swift */ = {isa = PBXFileReference; lastKnownFileType = sourcecode.swift; path = JwUrpParser.swift; sourceTree = "<group>"; };
		467B034A9889202CEA76931B /* JwWiseduParser.swift */ = {isa = PBXFileReference; lastKnownFileType = sourcecode.swift; path = JwWiseduParser.swift; sourceTree = "<group>"; };
		46936162C031CBA022123E64 /* es */ = {isa = PBXFileReference; lastKnownFileType = text.plist.strings; name = es; path = es.lproj/Localizable.strings; sourceTree = "<group>"; };
		480CB26C5638A20DE5CED8AC /* TimeTableEntity.swift */ = {isa = PBXFileReference; lastKnownFileType = sourcecode.swift; path = TimeTableEntity.swift; sourceTree = "<group>"; };
		4B72E006270ED69703F906F4 /* ThemePresets.swift */ = {isa = PBXFileReference; lastKnownFileType = sourcecode.swift; path = ThemePresets.swift; sourceTree = "<group>"; };
		4B8F322DCB1C5CF622C99C11 /* JwParserTests.swift */ = {isa = PBXFileReference; lastKnownFileType = sourcecode.swift; path = JwParserTests.swift; sourceTree = "<group>"; };
		4C7D97FDF0BE721C309E4F67 /* CourseEntity.swift */ = {isa = PBXFileReference; lastKnownFileType = sourcecode.swift; path = CourseEntity.swift; sourceTree = "<group>"; };
		4E82A553EBD1D0C8456D3011 /* SleepyPlaceholderTests.swift */ = {isa = PBXFileReference; lastKnownFileType = sourcecode.swift; path = SleepyPlaceholderTests.swift; sourceTree = "<group>"; };
		56B94B595CC8F831AE5AE3BC /* SleepyUITests.xctest */ = {isa = PBXFileReference; includeInIndex = 0; lastKnownFileType = wrapper.cfbundle; path = SleepyUITests.xctest; sourceTree = BUILT_PRODUCTS_DIR; };
		5ACF85CE927A56FE05B7CABB /* WidgetCourseCard.swift */ = {isa = PBXFileReference; lastKnownFileType = sourcecode.swift; path = WidgetCourseCard.swift; sourceTree = "<group>"; };
		5B51026659FD36F62B0A0281 /* ManagementPage.swift */ = {isa = PBXFileReference; lastKnownFileType = sourcecode.swift; path = ManagementPage.swift; sourceTree = "<group>"; };
		5C1D8BD48F149CE16160CE84 /* JwNewZfParser.swift */ = {isa = PBXFileReference; lastKnownFileType = sourcecode.swift; path = JwNewZfParser.swift; sourceTree = "<group>"; };
		5F19B09B9CF4562AD9450D43 /* CourseColorUtilTests.swift */ = {isa = PBXFileReference; lastKnownFileType = sourcecode.swift; path = CourseColorUtilTests.swift; sourceTree = "<group>"; };
		5F8589E7A5EA8C34355C1FFF /* CourseColorUtil.swift */ = {isa = PBXFileReference; lastKnownFileType = sourcecode.swift; path = CourseColorUtil.swift; sourceTree = "<group>"; };
		5FE23E8A9E4FEBC54F0F90DF /* Theme.swift */ = {isa = PBXFileReference; lastKnownFileType = sourcecode.swift; path = Theme.swift; sourceTree = "<group>"; };
		60056452C13B6C1D48E232C7 /* L10n.swift */ = {isa = PBXFileReference; lastKnownFileType = sourcecode.swift; path = L10n.swift; sourceTree = "<group>"; };
		64BF7FAB38EE44A780C793BD /* CourseEditorUITests.swift */ = {isa = PBXFileReference; lastKnownFileType = sourcecode.swift; path = CourseEditorUITests.swift; sourceTree = "<group>"; };
		64CFB5B5DD63AC209144EEDD /* SleepyWidget.appex */ = {isa = PBXFileReference; includeInIndex = 0; lastKnownFileType = "wrapper.app-extension"; path = SleepyWidget.appex; sourceTree = BUILT_PRODUCTS_DIR; };
		670EC898DF9415793C5762E3 /* PillNavigationBar.swift */ = {isa = PBXFileReference; lastKnownFileType = sourcecode.swift; path = PillNavigationBar.swift; sourceTree = "<group>"; };
		670ED236864A0DD636F04274 /* en */ = {isa = PBXFileReference; lastKnownFileType = text.plist.strings; name = en; path = en.lproj/Localizable.strings; sourceTree = "<group>"; };
		672BF2F028033B72BDD477D4 /* ja */ = {isa = PBXFileReference; lastKnownFileType = text.plist.strings; name = ja; path = ja.lproj/Localizable.strings; sourceTree = "<group>"; };
		690DF83E91E199DFE66F9756 /* PinyinMatcher.swift */ = {isa = PBXFileReference; lastKnownFileType = sourcecode.swift; path = PinyinMatcher.swift; sourceTree = "<group>"; };
		6B54C7ABE0AD4B91392A32A1 /* TimeTableUtilsTests.swift */ = {isa = PBXFileReference; lastKnownFileType = sourcecode.swift; path = TimeTableUtilsTests.swift; sourceTree = "<group>"; };
		6B9605A27EE773F13A53F202 /* CourseDetailSheet.swift */ = {isa = PBXFileReference; lastKnownFileType = sourcecode.swift; path = CourseDetailSheet.swift; sourceTree = "<group>"; };
		6D3C1BE11E1D3338FD98721F /* WidgetContent.swift */ = {isa = PBXFileReference; lastKnownFileType = sourcecode.swift; path = WidgetContent.swift; sourceTree = "<group>"; };
		6E5DE7210118C9EC520F007E /* TimeTableDao.swift */ = {isa = PBXFileReference; lastKnownFileType = sourcecode.swift; path = TimeTableDao.swift; sourceTree = "<group>"; };
		74EB72448743A4CF5CF466C5 /* TimeTableUtils.swift */ = {isa = PBXFileReference; lastKnownFileType = sourcecode.swift; path = TimeTableUtils.swift; sourceTree = "<group>"; };
		7607CC5E3679C603264B6E73 /* ScheduleFlowUITests.swift */ = {isa = PBXFileReference; lastKnownFileType = sourcecode.swift; path = ScheduleFlowUITests.swift; sourceTree = "<group>"; };
		76EC0EF9B72C669E4A56B91E /* WeekGridWidgetView.swift */ = {isa = PBXFileReference; lastKnownFileType = sourcecode.swift; path = WeekGridWidgetView.swift; sourceTree = "<group>"; };
		779E427676157A13B322A5B5 /* AppearanceScreen.swift */ = {isa = PBXFileReference; lastKnownFileType = sourcecode.swift; path = AppearanceScreen.swift; sourceTree = "<group>"; };
		7B3E1AC29BB571E46B9B7476 /* SmartPeriodEditor.swift */ = {isa = PBXFileReference; lastKnownFileType = sourcecode.swift; path = SmartPeriodEditor.swift; sourceTree = "<group>"; };
		7CA7389DF46C926458122F39 /* SleepyUITestSeeder.swift */ = {isa = PBXFileReference; lastKnownFileType = sourcecode.swift; path = SleepyUITestSeeder.swift; sourceTree = "<group>"; };
		7D8DF7E3509AC5B4147E75C8 /* ReminderScreen.swift */ = {isa = PBXFileReference; lastKnownFileType = sourcecode.swift; path = ReminderScreen.swift; sourceTree = "<group>"; };
		804FD9B63BCC3C1726B9CAFF /* WeekViewWidgetView.swift */ = {isa = PBXFileReference; lastKnownFileType = sourcecode.swift; path = WeekViewWidgetView.swift; sourceTree = "<group>"; };
		83F0807AB00ED93A168AD2C6 /* LocaleHelper.swift */ = {isa = PBXFileReference; lastKnownFileType = sourcecode.swift; path = LocaleHelper.swift; sourceTree = "<group>"; };
		84CAD820258525C104E5A44E /* SleepyWidget.entitlements */ = {isa = PBXFileReference; lastKnownFileType = text.plist.entitlements; path = SleepyWidget.entitlements; sourceTree = "<group>"; };
		87411070D5476B65081E829B /* SleepyWidgetBundle.swift */ = {isa = PBXFileReference; lastKnownFileType = sourcecode.swift; path = SleepyWidgetBundle.swift; sourceTree = "<group>"; };
		883A8F99C25404524386B89E /* WidgetLogicTests.swift */ = {isa = PBXFileReference; lastKnownFileType = sourcecode.swift; path = WidgetLogicTests.swift; sourceTree = "<group>"; };
		8B945AD465F81AFC535B658B /* NotificationScheduler.swift */ = {isa = PBXFileReference; lastKnownFileType = sourcecode.swift; path = NotificationScheduler.swift; sourceTree = "<group>"; };
		8D929FCEF4A32DF472275A70 /* Assets.xcassets */ = {isa = PBXFileReference; lastKnownFileType = folder.assetcatalog; path = Assets.xcassets; sourceTree = "<group>"; };
		8F7AF4E2551FE143942A3F3F /* JwWebViewLoginScreen.swift */ = {isa = PBXFileReference; lastKnownFileType = sourcecode.swift; path = JwWebViewLoginScreen.swift; sourceTree = "<group>"; };
		90B4ADA3F4D0F22AB81E78C4 /* SchoolSelectScreen.swift */ = {isa = PBXFileReference; lastKnownFileType = sourcecode.swift; path = SchoolSelectScreen.swift; sourceTree = "<group>"; };
		9275738703FAD36D408DAA49 /* ExportScreen.swift */ = {isa = PBXFileReference; lastKnownFileType = sourcecode.swift; path = ExportScreen.swift; sourceTree = "<group>"; };
		990A9D3555C706514CFAA8B3 /* JwImportFlow.swift */ = {isa = PBXFileReference; lastKnownFileType = sourcecode.swift; path = JwImportFlow.swift; sourceTree = "<group>"; };
		9D3AA9F8B115E2B804EBDA31 /* CourseDao.swift */ = {isa = PBXFileReference; lastKnownFileType = sourcecode.swift; path = CourseDao.swift; sourceTree = "<group>"; };
		A1D79D23433FE386230D5AB1 /* DateUtils.swift */ = {isa = PBXFileReference; lastKnownFileType = sourcecode.swift; path = DateUtils.swift; sourceTree = "<group>"; };
		A3F73FAB76399721B954DF20 /* AppGroupResolver.swift */ = {isa = PBXFileReference; lastKnownFileType = sourcecode.swift; path = AppGroupResolver.swift; sourceTree = "<group>"; };
		A636CB3A1BF94C7389163283 /* AddCourseScreen.swift */ = {isa = PBXFileReference; lastKnownFileType = sourcecode.swift; path = AddCourseScreen.swift; sourceTree = "<group>"; };
		A7DC9AA7E9C052C705251AA6 /* ScheduleParser.swift */ = {isa = PBXFileReference; lastKnownFileType = sourcecode.swift; path = ScheduleParser.swift; sourceTree = "<group>"; };
		AAA25C6698B82B80FF02AB1B /* SegmentedSwitcher.swift */ = {isa = PBXFileReference; lastKnownFileType = sourcecode.swift; path = SegmentedSwitcher.swift; sourceTree = "<group>"; };
		ABE15454AE12C13CA8A96C9D /* SettingsCards.swift */ = {isa = PBXFileReference; lastKnownFileType = sourcecode.swift; path = SettingsCards.swift; sourceTree = "<group>"; };
		AD3F0EE026CF01741657A7AD /* MineSettingsUITests.swift */ = {isa = PBXFileReference; lastKnownFileType = sourcecode.swift; path = MineSettingsUITests.swift; sourceTree = "<group>"; };
		AD5B884B15CD7982BF4BC2F9 /* UpdateInfo.swift */ = {isa = PBXFileReference; lastKnownFileType = sourcecode.swift; path = UpdateInfo.swift; sourceTree = "<group>"; };
		AEAA495471D6CEA3AECFD615 /* ScheduleExporter.swift */ = {isa = PBXFileReference; lastKnownFileType = sourcecode.swift; path = ScheduleExporter.swift; sourceTree = "<group>"; };
		AF8D64162D7772B54812CCBA /* Info.plist */ = {isa = PBXFileReference; lastKnownFileType = text.plist; path = Info.plist; sourceTree = "<group>"; };
		B18164021426E1BE78DB3F46 /* SleepyUITests.swift */ = {isa = PBXFileReference; lastKnownFileType = sourcecode.swift; path = SleepyUITests.swift; sourceTree = "<group>"; };
		B26C1FC7457815C7A78F9026 /* DateTimePickers.swift */ = {isa = PBXFileReference; lastKnownFileType = sourcecode.swift; path = DateTimePickers.swift; sourceTree = "<group>"; };
		B413E30FAD9261068960FC5F /* JwImportViewModel.swift */ = {isa = PBXFileReference; lastKnownFileType = sourcecode.swift; path = JwImportViewModel.swift; sourceTree = "<group>"; };
		B445492F562DDC2A16B5171D /* WidgetDataLoaders.swift */ = {isa = PBXFileReference; lastKnownFileType = sourcecode.swift; path = WidgetDataLoaders.swift; sourceTree = "<group>"; };
		B676529801720CE8A47480B3 /* ScheduleViewModel.swift */ = {isa = PBXFileReference; lastKnownFileType = sourcecode.swift; path = ScheduleViewModel.swift; sourceTree = "<group>"; };
		BCC4B67228CB7512A7890C3D /* ThemeAndPinyinTests.swift */ = {isa = PBXFileReference; lastKnownFileType = sourcecode.swift; path = ThemeAndPinyinTests.swift; sourceTree = "<group>"; };
		C0892BA3B202EE76234C0CC9 /* VersionUtils.swift */ = {isa = PBXFileReference; lastKnownFileType = sourcecode.swift; path = VersionUtils.swift; sourceTree = "<group>"; };
		C19106B8995541FFB0F73DB6 /* LaunchScreen.storyboard */ = {isa = PBXFileReference; lastKnownFileType = file.storyboard; path = LaunchScreen.storyboard; sourceTree = "<group>"; };
		C2F2A17F12A54A7F6392BA2C /* ManageImportUITests.swift */ = {isa = PBXFileReference; lastKnownFileType = sourcecode.swift; path = ManageImportUITests.swift; sourceTree = "<group>"; };
		C4AD798EE56D6A6A6BD66287 /* Sleepy.app */ = {isa = PBXFileReference; includeInIndex = 0; lastKnownFileType = wrapper.application; path = Sleepy.app; sourceTree = BUILT_PRODUCTS_DIR; };
		C69CDDE3F7F1E2BEA3DA3C03 /* VersionAndUpdateTests.swift */ = {isa = PBXFileReference; lastKnownFileType = sourcecode.swift; path = VersionAndUpdateTests.swift; sourceTree = "<group>"; };
		C9499DA6423AC6165B96C599 /* SchoolSelectUITests.swift */ = {isa = PBXFileReference; lastKnownFileType = sourcecode.swift; path = SchoolSelectUITests.swift; sourceTree = "<group>"; };
		D19C06FD8160EB36D513F677 /* Sleepy.entitlements */ = {isa = PBXFileReference; lastKnownFileType = text.plist.entitlements; path = Sleepy.entitlements; sourceTree = "<group>"; };
		D3D445F86E00820411E38285 /* JwQzCrazyParser.swift */ = {isa = PBXFileReference; lastKnownFileType = sourcecode.swift; path = JwQzCrazyParser.swift; sourceTree = "<group>"; };
		D52AFD49A9FA76836199F06A /* TwoDayWidgetView.swift */ = {isa = PBXFileReference; lastKnownFileType = sourcecode.swift; path = TwoDayWidgetView.swift; sourceTree = "<group>"; };
		DA6CEF27A9C39504E09D3487 /* GeneralSettingsScreen.swift */ = {isa = PBXFileReference; lastKnownFileType = sourcecode.swift; path = GeneralSettingsScreen.swift; sourceTree = "<group>"; };
		DB174180E779B7796964E378 /* AppPrefs.swift */ = {isa = PBXFileReference; lastKnownFileType = sourcecode.swift; path = AppPrefs.swift; sourceTree = "<group>"; };
		EB16BBC06209972B0E6B63A1 /* AllTablesScreen.swift */ = {isa = PBXFileReference; lastKnownFileType = sourcecode.swift; path = AllTablesScreen.swift; sourceTree = "<group>"; };
		EF4648DE833D3D2C58C52E6C /* UpdateManager.swift */ = {isa = PBXFileReference; lastKnownFileType = sourcecode.swift; path = UpdateManager.swift; sourceTree = "<group>"; };
		F3858841858390C66EB60926 /* JwNewUrpParser.swift */ = {isa = PBXFileReference; lastKnownFileType = sourcecode.swift; path = JwNewUrpParser.swift; sourceTree = "<group>"; };
		F84E511E00AFD8247D4D4B07 /* resources */ = {isa = PBXFileReference; lastKnownFileType = folder; name = resources; path = SleepyTests/resources; sourceTree = SOURCE_ROOT; };
		F93B2813DC503FB445168386 /* ScheduleRepository.swift */ = {isa = PBXFileReference; lastKnownFileType = sourcecode.swift; path = ScheduleRepository.swift; sourceTree = "<group>"; };
		FF2B16F1E64028F96C4B5AD5 /* AppDatabase.swift */ = {isa = PBXFileReference; lastKnownFileType = sourcecode.swift; path = AppDatabase.swift; sourceTree = "<group>"; };
/* End PBXFileReference section */

/* Begin PBXFrameworksBuildPhase section */
		348BDEA72E7E2879036C7159 /* Frameworks */ = {
			isa = PBXFrameworksBuildPhase;
			buildActionMask = 2147483647;
			files = (
				1EFE6A5CCA24F35DB5DC5A1C /* GRDB in Frameworks */,
				5D4A7479034564838FE09CF0 /* SwiftSoup in Frameworks */,
			);
			runOnlyForDeploymentPostprocessing = 0;
		};
		808D54269DC8EC28BDA45576 /* Frameworks */ = {
			isa = PBXFrameworksBuildPhase;
			buildActionMask = 2147483647;
			files = (
				3D51B7D1C05FBC714FE7E481 /* GRDB in Frameworks */,
				3A64AA5D792F584642FB7EEE /* SwiftSoup in Frameworks */,
			);
			runOnlyForDeploymentPostprocessing = 0;
		};
/* End PBXFrameworksBuildPhase section */

/* Begin PBXGroup section */
		01DFCD1C3F6D2AABDD720227 /* dao */ = {
			isa = PBXGroup;
			children = (
				9D3AA9F8B115E2B804EBDA31 /* CourseDao.swift */,
				6E5DE7210118C9EC520F007E /* TimeTableDao.swift */,
			);
			path = dao;
			sourceTree = "<group>";
		};
		0395640CB0EAB91C47EE3909 /* util */ = {
			isa = PBXGroup;
			children = (
				A3F73FAB76399721B954DF20 /* AppGroupResolver.swift */,
				DB174180E779B7796964E378 /* AppPrefs.swift */,
				5F8589E7A5EA8C34355C1FFF /* CourseColorUtil.swift */,
				A1D79D23433FE386230D5AB1 /* DateUtils.swift */,
				60056452C13B6C1D48E232C7 /* L10n.swift */,
				83F0807AB00ED93A168AD2C6 /* LocaleHelper.swift */,
				690DF83E91E199DFE66F9756 /* PinyinMatcher.swift */,
				7CA7389DF46C926458122F39 /* SleepyUITestSeeder.swift */,
				74EB72448743A4CF5CF466C5 /* TimeTableUtils.swift */,
				AD5B884B15CD7982BF4BC2F9 /* UpdateInfo.swift */,
				EF4648DE833D3D2C58C52E6C /* UpdateManager.swift */,
				C0892BA3B202EE76234C0CC9 /* VersionUtils.swift */,
			);
			path = util;
			sourceTree = "<group>";
		};
		0E1D705B83DE0E5F648C69BE /* theme */ = {
			isa = PBXGroup;
			children = (
				5FE23E8A9E4FEBC54F0F90DF /* Theme.swift */,
				4B72E006270ED69703F906F4 /* ThemePresets.swift */,
			);
			path = theme;
			sourceTree = "<group>";
		};
		0ECF398CCBD50E7391744EC5 /* schedule */ = {
			isa = PBXGroup;
			children = (
				449BD8236BF9A935B646F5F3 /* ScheduleScreen.swift */,
				B676529801720CE8A47480B3 /* ScheduleViewModel.swift */,
			);
			path = schedule;
			sourceTree = "<group>";
		};
		13761C9DE52BB028733660AD /* screen */ = {
			isa = PBXGroup;
			children = (
				413A187C2AD760D7CF0719FD /* edit */,
				4B828127530D3B6ED1E323CD /* imports */,
				BFF0EAA8AE1B11B3717AD65F /* manage */,
				C46313A7C3E3AF5476C6AE4E /* mine */,
				0ECF398CCBD50E7391744EC5 /* schedule */,
				BCC6879B81B5E6269AAFE44A /* today */,
			);
			path = screen;
			sourceTree = "<group>";
		};
		1E4E512C9DF8CE21262D790F /* component */ = {
			isa = PBXGroup;
			children = (
				6B9605A27EE773F13A53F202 /* CourseDetailSheet.swift */,
				1335D448B44CCFBFCDA813D3 /* CourseTableView.swift */,
				B26C1FC7457815C7A78F9026 /* DateTimePickers.swift */,
				670EC898DF9415793C5762E3 /* PillNavigationBar.swift */,
				AAA25C6698B82B80FF02AB1B /* SegmentedSwitcher.swift */,
				ABE15454AE12C13CA8A96C9D /* SettingsCards.swift */,
				7B3E1AC29BB571E46B9B7476 /* SmartPeriodEditor.swift */,
				290CA376AA06DF914D39E04B /* TimeSlotEditor.swift */,
			);
			path = component;
			sourceTree = "<group>";
		};
		36402A5055750C390995F1BC /* Products */ = {
			isa = PBXGroup;
			children = (
				C4AD798EE56D6A6A6BD66287 /* Sleepy.app */,
				3CE7034F859FC0E80A0569C9 /* SleepyTests.xctest */,
				56B94B595CC8F831AE5AE3BC /* SleepyUITests.xctest */,
				64CFB5B5DD63AC209144EEDD /* SleepyWidget.appex */,
			);
			name = Products;
			sourceTree = "<group>";
		};
		413A187C2AD760D7CF0719FD /* edit */ = {
			isa = PBXGroup;
			children = (
				A636CB3A1BF94C7389163283 /* AddCourseScreen.swift */,
			);
			path = edit;
			sourceTree = "<group>";
		};
		4B828127530D3B6ED1E323CD /* imports */ = {
			isa = PBXGroup;
			children = (
				24530B6DC99642CD638100EE /* ImportSheet.swift */,
				990A9D3555C706514CFAA8B3 /* JwImportFlow.swift */,
				8F7AF4E2551FE143942A3F3F /* JwWebViewLoginScreen.swift */,
				90B4ADA3F4D0F22AB81E78C4 /* SchoolSelectScreen.swift */,
			);
			path = imports;
			sourceTree = "<group>";
		};
		5A3245F82EB9D2E262383DB0 /* SleepyWidget */ = {
			isa = PBXGroup;
			children = (
				3809683F11A502026D9F44C5 /* Info.plist */,
				84CAD820258525C104E5A44E /* SleepyWidget.entitlements */,
				87411070D5476B65081E829B /* SleepyWidgetBundle.swift */,
			);
			path = SleepyWidget;
			sourceTree = "<group>";
		};
		5DDE39DDA5A4117A6CBF148B /* widget */ = {
			isa = PBXGroup;
			children = (
				9390C3799112E3EDED5C62E4 /* notification */,
				4025E8D10A574C8F59C29E21 /* TodayWidgetView.swift */,
				D52AFD49A9FA76836199F06A /* TwoDayWidgetView.swift */,
				76EC0EF9B72C669E4A56B91E /* WeekGridWidgetView.swift */,
				12CB5E397A61641128360FA3 /* WeekListWidgetView.swift */,
				804FD9B63BCC3C1726B9CAFF /* WeekViewWidgetView.swift */,
				6D3C1BE11E1D3338FD98721F /* WidgetContent.swift */,
				5ACF85CE927A56FE05B7CABB /* WidgetCourseCard.swift */,
				B445492F562DDC2A16B5171D /* WidgetDataLoaders.swift */,
				0C144DF8370196EBA2816A1B /* WidgetTableResolver.swift */,
			);
			path = widget;
			sourceTree = "<group>";
		};
		61C6345E527FB35D6279E0B0 /* ui */ = {
			isa = PBXGroup;
			children = (
				1E4E512C9DF8CE21262D790F /* component */,
				13761C9DE52BB028733660AD /* screen */,
			);
			path = ui;
			sourceTree = "<group>";
		};
		6D71EC5495896087F43D122A /* jw */ = {
			isa = PBXGroup;
			children = (
				39EE2EC9F37C40DBBE526D31 /* JwCourse.swift */,
				B413E30FAD9261068960FC5F /* JwImportViewModel.swift */,
				F3858841858390C66EB60926 /* JwNewUrpParser.swift */,
				5C1D8BD48F149CE16160CE84 /* JwNewZfParser.swift */,
				1D9090ACA661D747DF0AB718 /* JwParser.swift */,
				3480ED82E92E5E453EA66874 /* JwProtocol.swift */,
				D3D445F86E00820411E38285 /* JwQzCrazyParser.swift */,
				166C8FB4895B9F8ACF079DDD /* JwQzParser.swift */,
				22F391D73202D6B93FFF6070 /* JwSchoolInfo.swift */,
				461D4FA2DB17915ACF3D0063 /* JwUrpParser.swift */,
				467B034A9889202CEA76931B /* JwWiseduParser.swift */,
			);
			path = jw;
			sourceTree = "<group>";
		};
		6F78A798D0386C1C90A17381 /* repository */ = {
			isa = PBXGroup;
			children = (
				F93B2813DC503FB445168386 /* ScheduleRepository.swift */,
			);
			path = repository;
			sourceTree = "<group>";
		};
		71298FDC3DED195BC478ABEC /* parser */ = {
			isa = PBXGroup;
			children = (
				AEAA495471D6CEA3AECFD615 /* ScheduleExporter.swift */,
				A7DC9AA7E9C052C705251AA6 /* ScheduleParser.swift */,
			);
			path = parser;
			sourceTree = "<group>";
		};
		738D49DFFDA4A0E6B15C13D5 = {
			isa = PBXGroup;
			children = (
				C2BDE01138A338D45CA57003 /* Sleepy */,
				8AAD3F1069D6DE68878E0732 /* SleepyTests */,
				D329B1DFD15D4AF37A70CB50 /* SleepyUITests */,
				5A3245F82EB9D2E262383DB0 /* SleepyWidget */,
				36402A5055750C390995F1BC /* Products */,
			);
			sourceTree = "<group>";
		};
		7A160113E1905C5FA92D04C8 /* entity */ = {
			isa = PBXGroup;
			children = (
				4C7D97FDF0BE721C309E4F67 /* CourseEntity.swift */,
				1F623ECECCA2E2A91223E72C /* SmartPeriodConfig.swift */,
				480CB26C5638A20DE5CED8AC /* TimeTableEntity.swift */,
			);
			path = entity;
			sourceTree = "<group>";
		};
		8AAD3F1069D6DE68878E0732 /* SleepyTests */ = {
			isa = PBXGroup;
			children = (
				5F19B09B9CF4562AD9450D43 /* CourseColorUtilTests.swift */,
				425CDED54ED7F74106731E8F /* CourseDaoChainTests.swift */,
				15AF7FB34120128873D5A25C /* DateUtilsTests.swift */,
				3C66E6D2ABAEEAC25D75D8C3 /* ExportImportRoundTripTests.swift */,
				1274843FE9312E87CD5807D5 /* Info.plist */,
				4B8F322DCB1C5CF622C99C11 /* JwParserTests.swift */,
				1BCB8B72B49233D52340AB7A /* ParserAuditTests.swift */,
				F84E511E00AFD8247D4D4B07 /* resources */,
				4E82A553EBD1D0C8456D3011 /* SleepyPlaceholderTests.swift */,
				196825AFE35B5C0E3D277722 /* SmartPeriodConfigTests.swift */,
				BCC4B67228CB7512A7890C3D /* ThemeAndPinyinTests.swift */,
				6B54C7ABE0AD4B91392A32A1 /* TimeTableUtilsTests.swift */,
				C69CDDE3F7F1E2BEA3DA3C03 /* VersionAndUpdateTests.swift */,
				883A8F99C25404524386B89E /* WidgetLogicTests.swift */,
			);
			path = SleepyTests;
			sourceTree = "<group>";
		};
		9390C3799112E3EDED5C62E4 /* notification */ = {
			isa = PBXGroup;
			children = (
				8B945AD465F81AFC535B658B /* NotificationScheduler.swift */,
			);
			path = notification;
			sourceTree = "<group>";
		};
		BCC6879B81B5E6269AAFE44A /* today */ = {
			isa = PBXGroup;
			children = (
				4416D5B0BDC66E042718596B /* TodayScreen.swift */,
			);
			path = today;
			sourceTree = "<group>";
		};
		BFF0EAA8AE1B11B3717AD65F /* manage */ = {
			isa = PBXGroup;
			children = (
				5B51026659FD36F62B0A0281 /* ManagementPage.swift */,
			);
			path = manage;
			sourceTree = "<group>";
		};
		C2BDE01138A338D45CA57003 /* Sleepy */ = {
			isa = PBXGroup;
			children = (
				D47227BDA96D57A9ADAC2549 /* data */,
				D2E90D2BDE85053EAAD43B10 /* resources */,
				0E1D705B83DE0E5F648C69BE /* theme */,
				61C6345E527FB35D6279E0B0 /* ui */,
				0395640CB0EAB91C47EE3909 /* util */,
				5DDE39DDA5A4117A6CBF148B /* widget */,
				8D929FCEF4A32DF472275A70 /* Assets.xcassets */,
				AF8D64162D7772B54812CCBA /* Info.plist */,
				C19106B8995541FFB0F73DB6 /* LaunchScreen.storyboard */,
				D19C06FD8160EB36D513F677 /* Sleepy.entitlements */,
				34F065FDCFDCA2A4AED9B5B8 /* SleepyApp.swift */,
			);
			path = Sleepy;
			sourceTree = "<group>";
		};
		C46313A7C3E3AF5476C6AE4E /* mine */ = {
			isa = PBXGroup;
			children = (
				1DBE6E120D6B08E49C30A4C3 /* AboutScreen.swift */,
				EB16BBC06209972B0E6B63A1 /* AllTablesScreen.swift */,
				779E427676157A13B322A5B5 /* AppearanceScreen.swift */,
				370A630F8E293663E9B52AE2 /* EditTableScreen.swift */,
				9275738703FAD36D408DAA49 /* ExportScreen.swift */,
				DA6CEF27A9C39504E09D3487 /* GeneralSettingsScreen.swift */,
				05A3D362C9894D69BFFCEC3F /* MineScreen.swift */,
				7D8DF7E3509AC5B4147E75C8 /* ReminderScreen.swift */,
			);
			path = mine;
			sourceTree = "<group>";
		};
		D2E90D2BDE85053EAAD43B10 /* resources */ = {
			isa = PBXGroup;
			children = (
				1205376525F575AF970B7CD4 /* Localizable.strings */,
				40B0375B042F64DCB87DBE3F /* schools.json */,
			);
			path = resources;
			sourceTree = "<group>";
		};
		D329B1DFD15D4AF37A70CB50 /* SleepyUITests */ = {
			isa = PBXGroup;
			children = (
				64BF7FAB38EE44A780C793BD /* CourseEditorUITests.swift */,
				0718B20F0D0233CEBDC569F8 /* ImportAuditUITests.swift */,
				0A34060A11A2074B2B02C7E1 /* Info.plist */,
				C2F2A17F12A54A7F6392BA2C /* ManageImportUITests.swift */,
				AD3F0EE026CF01741657A7AD /* MineSettingsUITests.swift */,
				7607CC5E3679C603264B6E73 /* ScheduleFlowUITests.swift */,
				C9499DA6423AC6165B96C599 /* SchoolSelectUITests.swift */,
				B18164021426E1BE78DB3F46 /* SleepyUITests.swift */,
				13A484DCBC349DF312302C65 /* TableEditUITests.swift */,
			);
			path = SleepyUITests;
			sourceTree = "<group>";
		};
		D47227BDA96D57A9ADAC2549 /* data */ = {
			isa = PBXGroup;
			children = (
				01DFCD1C3F6D2AABDD720227 /* dao */,
				7A160113E1905C5FA92D04C8 /* entity */,
				6D71EC5495896087F43D122A /* jw */,
				71298FDC3DED195BC478ABEC /* parser */,
				6F78A798D0386C1C90A17381 /* repository */,
				FF2B16F1E64028F96C4B5AD5 /* AppDatabase.swift */,
			);
			path = data;
			sourceTree = "<group>";
		};
/* End PBXGroup section */

/* Begin PBXNativeTarget section */
		4E81C3F3A4B5518E77D9A340 /* SleepyTests */ = {
			isa = PBXNativeTarget;
			buildConfigurationList = 89061485F673DD77013BF26B /* Build configuration list for PBXNativeTarget "SleepyTests" */;
			buildPhases = (
				F990CBC90FED850EFFDA5C2D /* Sources */,
				9C96903481AD93100EFA9B72 /* Resources */,
			);
			buildRules = (
			);
			dependencies = (
				E94E00D718A49F085F436234 /* PBXTargetDependency */,
			);
			name = SleepyTests;
			productName = SleepyTests;
			productReference = 3CE7034F859FC0E80A0569C9 /* SleepyTests.xctest */;
			productType = "com.apple.product-type.bundle.unit-test";
		};
		5292F54B11655E3F1B8096ED /* Sleepy */ = {
			isa = PBXNativeTarget;
			buildConfigurationList = 9A440B4B129E8238A8A4A9B8 /* Build configuration list for PBXNativeTarget "Sleepy" */;
			buildPhases = (
				6334EAA8FC1B1CDD1463A082 /* Sources */,
				946E89EE7634C10E5C59211E /* Resources */,
				348BDEA72E7E2879036C7159 /* Frameworks */,
				C06A3431966930D5AF3E16A1 /* Embed Foundation Extensions */,
			);
			buildRules = (
			);
			dependencies = (
				2C57C48D741E1CDB6904CAD3 /* PBXTargetDependency */,
			);
			name = Sleepy;
			packageProductDependencies = (
				B58142DA4B1A49633BB19A05 /* GRDB */,
				9479A91B84B8B1735A6AC878 /* SwiftSoup */,
			);
			productName = Sleepy;
			productReference = C4AD798EE56D6A6A6BD66287 /* Sleepy.app */;
			productType = "com.apple.product-type.application";
		};
		8E90546735878A73D0A5A238 /* SleepyUITests */ = {
			isa = PBXNativeTarget;
			buildConfigurationList = 41D457B0F319DA4C2C0ABC4E /* Build configuration list for PBXNativeTarget "SleepyUITests" */;
			buildPhases = (
				7EFE7B5FFEC98C871692876A /* Sources */,
			);
			buildRules = (
			);
			dependencies = (
				0FE5592992480ECD14DC0918 /* PBXTargetDependency */,
			);
			name = SleepyUITests;
			productName = SleepyUITests;
			productReference = 56B94B595CC8F831AE5AE3BC /* SleepyUITests.xctest */;
			productType = "com.apple.product-type.bundle.ui-testing";
		};
		DC378BF644C25C9AE77602E9 /* SleepyWidget */ = {
			isa = PBXNativeTarget;
			buildConfigurationList = E1C73F6FACECFFA94DB3F0BA /* Build configuration list for PBXNativeTarget "SleepyWidget" */;
			buildPhases = (
				EE927D94D191016D85B2FC35 /* Sources */,
				15798728624ED268D2A5A004 /* Resources */,
				808D54269DC8EC28BDA45576 /* Frameworks */,
			);
			buildRules = (
			);
			dependencies = (
			);
			name = SleepyWidget;
			packageProductDependencies = (
				3899CC7A7D018A6D641C5E75 /* GRDB */,
				49A964FB8D50A5C8458C305A /* SwiftSoup */,
			);
			productName = SleepyWidget;
			productReference = 64CFB5B5DD63AC209144EEDD /* SleepyWidget.appex */;
			productType = "com.apple.product-type.app-extension";
		};
/* End PBXNativeTarget section */

/* Begin PBXProject section */
		91C202EC74046D089FFA0F14 /* Project object */ = {
			isa = PBXProject;
			attributes = {
				BuildIndependentTargetsInParallel = YES;
				LastUpgradeCheck = 1430;
				TargetAttributes = {
					8E90546735878A73D0A5A238 = {
						TestTargetID = 5292F54B11655E3F1B8096ED;
					};
				};
			};
			buildConfigurationList = A9CD7C1A24E3D3AA9A18F53C /* Build configuration list for PBXProject "Sleepy" */;
			compatibilityVersion = "Xcode 14.0";
			developmentRegion = en;
			hasScannedForEncodings = 0;
			knownRegions = (
				Base,
				en,
				es,
				ja,
				"zh-Hans",
				"zh-Hant",
			);
			mainGroup = 738D49DFFDA4A0E6B15C13D5;
			packageReferences = (
				781557E357F7D0E5647419BF /* XCRemoteSwiftPackageReference "GRDB.swift" */,
				044CD492B0AAF0A309C16EA0 /* XCRemoteSwiftPackageReference "SwiftSoup" */,
			);
			projectDirPath = "";
			projectRoot = "";
			targets = (
				5292F54B11655E3F1B8096ED /* Sleepy */,
				4E81C3F3A4B5518E77D9A340 /* SleepyTests */,
				8E90546735878A73D0A5A238 /* SleepyUITests */,
				DC378BF644C25C9AE77602E9 /* SleepyWidget */,
			);
		};
/* End PBXProject section */

/* Begin PBXResourcesBuildPhase section */
		15798728624ED268D2A5A004 /* Resources */ = {
			isa = PBXResourcesBuildPhase;
			buildActionMask = 2147483647;
			files = (
				39528768165F38372C693951 /* Assets.xcassets in Resources */,
				34C421D4351930ECCD846982 /* LaunchScreen.storyboard in Resources */,
				F641EDE75578F5F85B651651 /* Localizable.strings in Resources */,
				37865A10EE0433586AF21683 /* schools.json in Resources */,
			);
			runOnlyForDeploymentPostprocessing = 0;
		};
		946E89EE7634C10E5C59211E /* Resources */ = {
			isa = PBXResourcesBuildPhase;
			buildActionMask = 2147483647;
			files = (
				73A53B07D725587DD43E8777 /* Assets.xcassets in Resources */,
				EFA7E01FD14A1381CC266E23 /* LaunchScreen.storyboard in Resources */,
				D6770DDC7A4CB4206244FDD1 /* Localizable.strings in Resources */,
				52D98DAC3D9567B72C73792B /* schools.json in Resources */,
			);
			runOnlyForDeploymentPostprocessing = 0;
		};
		9C96903481AD93100EFA9B72 /* Resources */ = {
			isa = PBXResourcesBuildPhase;
			buildActionMask = 2147483647;
			files = (
				DFFBB81BEE798AFA2850BF99 /* resources in Resources */,
			);
			runOnlyForDeploymentPostprocessing = 0;
		};
/* End PBXResourcesBuildPhase section */

/* Begin PBXSourcesBuildPhase section */
		6334EAA8FC1B1CDD1463A082 /* Sources */ = {
			isa = PBXSourcesBuildPhase;
			buildActionMask = 2147483647;
			files = (
				0333BECAA6548B30792CDBBD /* AboutScreen.swift in Sources */,
				37E1E714388305B1022FBD29 /* AddCourseScreen.swift in Sources */,
				3866EF19BC8241EF0F67905F /* AllTablesScreen.swift in Sources */,
				65CF01F49FC04AD316F12BB6 /* AppDatabase.swift in Sources */,
				52BF11E4543EFC2F7C4941BA /* AppGroupResolver.swift in Sources */,
				D850C9512A65FE07DDC9556F /* AppPrefs.swift in Sources */,
				D1DAE4F6D52A83D515D91744 /* AppearanceScreen.swift in Sources */,
				B7B7B9E50F2427797E4F6752 /* CourseColorUtil.swift in Sources */,
				9C3967DF73C2215296271E04 /* CourseDao.swift in Sources */,
				6DBAC0D88FECC7F3CD92F43C /* CourseDetailSheet.swift in Sources */,
				75BDBE0C304130911EB16781 /* CourseEntity.swift in Sources */,
				ED1304B67D86E2778FC7A12F /* CourseTableView.swift in Sources */,
				F5B6512BFE9EB65E52C1FAD5 /* DateTimePickers.swift in Sources */,
				EFBA358CFB2F74092DBDB6CB /* DateUtils.swift in Sources */,
				FF205A3D7603AFACA16E78F0 /* EditTableScreen.swift in Sources */,
				C7E1B6270651CCFDB000813D /* ExportScreen.swift in Sources */,
				A573D8081A5FC8074012C42A /* GeneralSettingsScreen.swift in Sources */,
				CD777F7A41318DA863A267CD /* ImportSheet.swift in Sources */,
				A7E770E7D1250EBC905B0B8E /* JwCourse.swift in Sources */,
				0C43277538AC5AA5DF57DD35 /* JwImportFlow.swift in Sources */,
				876ED70CEEEF70194B99CFC3 /* JwImportViewModel.swift in Sources */,
				9F02858A924B94A81586B6B7 /* JwNewUrpParser.swift in Sources */,
				783DA0C18585ABE2B0F38CE4 /* JwNewZfParser.swift in Sources */,
				89FAB921C7D98EA9A507D61A /* JwParser.swift in Sources */,
				CD11FBD5ABFA3953CE6E30A0 /* JwProtocol.swift in Sources */,
				32C7A0EB4224644590EA4AB5 /* JwQzCrazyParser.swift in Sources */,
				C75EAA02EC7094A728B8A0F7 /* JwQzParser.swift in Sources */,
				0730FEAE6931481C90A557C4 /* JwSchoolInfo.swift in Sources */,
				38C933C0072C5DB489AB22AA /* JwUrpParser.swift in Sources */,
				592D44339BC45779F6A848C8 /* JwWebViewLoginScreen.swift in Sources */,
				71A63D49A1A964C911C5F47A /* JwWiseduParser.swift in Sources */,
				E2CD16EE311B59D8B0B6CB74 /* L10n.swift in Sources */,
				247BD2909D3811BF1E518627 /* LocaleHelper.swift in Sources */,
				CD765CAE5026036D50FCD4F5 /* ManagementPage.swift in Sources */,
				486E763FDB230519E148D20E /* MineScreen.swift in Sources */,
				869D1AA60751414B1311B556 /* NotificationScheduler.swift in Sources */,
				CCF2D5C5DAE7849F3A8D0C94 /* PillNavigationBar.swift in Sources */,
				74678E3DCC6D48477BC81B24 /* PinyinMatcher.swift in Sources */,
				6A146A0A07E98B39A265A340 /* ReminderScreen.swift in Sources */,
				E3A1781977A55E7FE5CC8BA1 /* ScheduleExporter.swift in Sources */,
				2333CE80B1AC298CAAD6A321 /* ScheduleParser.swift in Sources */,
				4C11CEA9A518D6F2972027E6 /* ScheduleRepository.swift in Sources */,
				EC71988CF2185B0F043DCA31 /* ScheduleScreen.swift in Sources */,
				9D4CA596D6A10BD76864AB6C /* ScheduleViewModel.swift in Sources */,
				6490703A999373DFF63E3F2A /* SchoolSelectScreen.swift in Sources */,
				B28F1749B30AA833506A16D0 /* SegmentedSwitcher.swift in Sources */,
				7886F9D30CF882DA17E5DD03 /* SettingsCards.swift in Sources */,
				862CC2DE902FFABC92F04206 /* SleepyApp.swift in Sources */,
				204AE00E39C760909B0B00CA /* SleepyUITestSeeder.swift in Sources */,
				3D62756C181FAD2AC9F05B33 /* SmartPeriodConfig.swift in Sources */,
				C0F89FA03A1F3657F20F3602 /* SmartPeriodEditor.swift in Sources */,
				6681365B327B45F2D250BA43 /* Theme.swift in Sources */,
				667A9EB53C54336E43442489 /* ThemePresets.swift in Sources */,
				37D2BEE481DF10E1C3B103E6 /* TimeSlotEditor.swift in Sources */,
				8AAF5A7A3F027E8E1BE88727 /* TimeTableDao.swift in Sources */,
				65CE9E557881A66E2169BF28 /* TimeTableEntity.swift in Sources */,
				BA2743A24ED00F9986AB65E3 /* TimeTableUtils.swift in Sources */,
				EE370D4EE99E09A66A682D22 /* TodayScreen.swift in Sources */,
				82043935FD859F247D143C7A /* TodayWidgetView.swift in Sources */,
				F90AF82583153D795EF0668B /* TwoDayWidgetView.swift in Sources */,
				451EC791E28FAFB2754E6149 /* UpdateInfo.swift in Sources */,
				B1436FEAB213A86DC79048AA /* UpdateManager.swift in Sources */,
				57DAC24943EF538C3837B5FB /* VersionUtils.swift in Sources */,
				C8B2D015F3FAFE55BA27BBE9 /* WeekGridWidgetView.swift in Sources */,
				43944B5632697D4438ECEF4C /* WeekListWidgetView.swift in Sources */,
				F48DABCC146D655E683D42EF /* WeekViewWidgetView.swift in Sources */,
				51DE36E1BE967304466D8368 /* WidgetContent.swift in Sources */,
				E0CED6FC72F5733EDEB8EDAF /* WidgetCourseCard.swift in Sources */,
				0622AA30976E2A962861F9AA /* WidgetDataLoaders.swift in Sources */,
				08BEFCDFB15D26CC79E26E52 /* WidgetTableResolver.swift in Sources */,
			);
			runOnlyForDeploymentPostprocessing = 0;
		};
		7EFE7B5FFEC98C871692876A /* Sources */ = {
			isa = PBXSourcesBuildPhase;
			buildActionMask = 2147483647;
			files = (
				658D875BFD9C89E43F647582 /* CourseEditorUITests.swift in Sources */,
				0A85C1402956ED7AA81EE29B /* ImportAuditUITests.swift in Sources */,
				5BB9CEB5499F051A3EE0F4D2 /* ManageImportUITests.swift in Sources */,
				5A08679A20DB96F3A56D5DBB /* MineSettingsUITests.swift in Sources */,
				7054254AAA9E487D63CFDE55 /* ScheduleFlowUITests.swift in Sources */,
				FE8B31B87F74A275C27FF9F6 /* SchoolSelectUITests.swift in Sources */,
				35AED6976FAE210F6E93C694 /* SleepyUITests.swift in Sources */,
				2796FEB743582031203286AD /* TableEditUITests.swift in Sources */,
			);
			runOnlyForDeploymentPostprocessing = 0;
		};
		EE927D94D191016D85B2FC35 /* Sources */ = {
			isa = PBXSourcesBuildPhase;
			buildActionMask = 2147483647;
			files = (
				92F5FBC94FF2A739A0980E4E /* AppDatabase.swift in Sources */,
				0721F81C7C4D4E517D11B4D0 /* AppGroupResolver.swift in Sources */,
				D2E92422ED2FA5E9F9645DE3 /* AppPrefs.swift in Sources */,
				BA5D6AE2D8A400A25159A6DE /* CourseColorUtil.swift in Sources */,
				DF3C38B397BF68B63560316F /* CourseDao.swift in Sources */,
				77BF6566053079C67DBD9122 /* CourseEntity.swift in Sources */,
				1359BA5B59555988AB6494CF /* DateUtils.swift in Sources */,
				98544E2088C4F05545980CA9 /* JwCourse.swift in Sources */,
				D7FEDBA885B825B893C17A74 /* JwImportViewModel.swift in Sources */,
				C21BE4CC99F37CFB5B661001 /* JwNewUrpParser.swift in Sources */,
				E2D0FD72A4735BD6B9451AB0 /* JwNewZfParser.swift in Sources */,
				B707D96F7A4DCA000A563F43 /* JwParser.swift in Sources */,
				7EDE753B2953799E66FC71E7 /* JwProtocol.swift in Sources */,
				35FFDF589B5449B7BFC58681 /* JwQzCrazyParser.swift in Sources */,
				4FB605D9F58DCE55719C200F /* JwQzParser.swift in Sources */,
				3DD6F4241087EF31CE73CAE5 /* JwSchoolInfo.swift in Sources */,
				D911A052D7EDDB447BFE63DC /* JwUrpParser.swift in Sources */,
				40061C26490E27046B141D5A /* JwWiseduParser.swift in Sources */,
				ADC5B1DC5FC83964820C18EE /* L10n.swift in Sources */,
				F3C52FFD89C2D0D908A32C89 /* LocaleHelper.swift in Sources */,
				7F9742C5721DF7B60B461AD9 /* NotificationScheduler.swift in Sources */,
				708B015DABC17CBB868D1D6E /* PinyinMatcher.swift in Sources */,
				5D21F5E0A4B2FB62832B4851 /* ScheduleExporter.swift in Sources */,
				3853A4C40E605E0B23896116 /* ScheduleParser.swift in Sources */,
				160CF854AADABDFB324E4D22 /* ScheduleRepository.swift in Sources */,
				9B9D3517FEE37311F47168DD /* SleepyUITestSeeder.swift in Sources */,
				0061BF9B6753422634DBF086 /* SleepyWidgetBundle.swift in Sources */,
				6BBB2B69C29DFE42F6E555BD /* SmartPeriodConfig.swift in Sources */,
				CA1CE6B8588EBA1973F7C38A /* Theme.swift in Sources */,
				3B54195E1B7FF9075762B522 /* ThemePresets.swift in Sources */,
				FE3F3F116C8AC1DD82608A7E /* TimeTableDao.swift in Sources */,
				4B0BE4A90A3D8C0E1D17ECD9 /* TimeTableEntity.swift in Sources */,
				DEBE30D3C794C197EDF3464E /* TimeTableUtils.swift in Sources */,
				3A92584C16FFA7E99C2FF391 /* TodayWidgetView.swift in Sources */,
				2AE7F207B86347354D0810CC /* TwoDayWidgetView.swift in Sources */,
				351A32DF4BE95643A938844A /* UpdateInfo.swift in Sources */,
				25A704D4D3EE469643332CFE /* UpdateManager.swift in Sources */,
				DAEEAB71152DD2BF2651A9E5 /* VersionUtils.swift in Sources */,
				85CDA2ACCCF749A4D3DC7619 /* WeekGridWidgetView.swift in Sources */,
				5CC516C7ED012D9929322DC7 /* WeekListWidgetView.swift in Sources */,
				86FF163341AEE46A2552EE51 /* WeekViewWidgetView.swift in Sources */,
				22C390F65068B7B99CA619C3 /* WidgetContent.swift in Sources */,
				6E05CDFBB3E25A4B6BB095C9 /* WidgetCourseCard.swift in Sources */,
				CF4775FD01AE97CE9C594347 /* WidgetDataLoaders.swift in Sources */,
				5ECE1550C726A3AF6308A71A /* WidgetTableResolver.swift in Sources */,
			);
			runOnlyForDeploymentPostprocessing = 0;
		};
		F990CBC90FED850EFFDA5C2D /* Sources */ = {
			isa = PBXSourcesBuildPhase;
			buildActionMask = 2147483647;
			files = (
				955AA3AAA68DB122F123785B /* CourseColorUtilTests.swift in Sources */,
				2AB1C979346A5D643A0C2F16 /* CourseDaoChainTests.swift in Sources */,
				FB98667FC708E0C9DC47DDFE /* DateUtilsTests.swift in Sources */,
				017808802F6DC375BEA329F0 /* ExportImportRoundTripTests.swift in Sources */,
				25083A3FF7EDB6386F4AD3DC /* JwParserTests.swift in Sources */,
				F65B4753901D75DE1D367046 /* ParserAuditTests.swift in Sources */,
				D289B54F535EFF1753F5AD4C /* SleepyPlaceholderTests.swift in Sources */,
				76FF6F179A8C437B32A20887 /* SmartPeriodConfigTests.swift in Sources */,
				334E4375A4D51E4A269A969C /* ThemeAndPinyinTests.swift in Sources */,
				F4F3C180248F3621BFF7E4C4 /* TimeTableUtilsTests.swift in Sources */,
				4D12094DB99D2877F409F0FD /* VersionAndUpdateTests.swift in Sources */,
				EC2F5B2FFEEF908131D0D88E /* WidgetLogicTests.swift in Sources */,
			);
			runOnlyForDeploymentPostprocessing = 0;
		};
/* End PBXSourcesBuildPhase section */

/* Begin PBXTargetDependency section */
		0FE5592992480ECD14DC0918 /* PBXTargetDependency */ = {
			isa = PBXTargetDependency;
			target = 5292F54B11655E3F1B8096ED /* Sleepy */;
			targetProxy = 5454E6B4A695F8DB1AD47D5B /* PBXContainerItemProxy */;
		};
		2C57C48D741E1CDB6904CAD3 /* PBXTargetDependency */ = {
			isa = PBXTargetDependency;
			target = DC378BF644C25C9AE77602E9 /* SleepyWidget */;
			targetProxy = D6F04DD7DA0BAC9D589566B1 /* PBXContainerItemProxy */;
		};
		E94E00D718A49F085F436234 /* PBXTargetDependency */ = {
			isa = PBXTargetDependency;
			target = 5292F54B11655E3F1B8096ED /* Sleepy */;
			targetProxy = 86469EB91E248246060EE77C /* PBXContainerItemProxy */;
		};
/* End PBXTargetDependency section */

/* Begin PBXVariantGroup section */
		1205376525F575AF970B7CD4 /* Localizable.strings */ = {
			isa = PBXVariantGroup;
			children = (
				670ED236864A0DD636F04274 /* en */,
				46936162C031CBA022123E64 /* es */,
				672BF2F028033B72BDD477D4 /* ja */,
				1849E41D4246ACF12E07B8F0 /* zh-Hans */,
				38ACCC7671C8A0AA3121947D /* zh-Hant */,
			);
			name = Localizable.strings;
			sourceTree = "<group>";
		};
/* End PBXVariantGroup section */

/* Begin XCBuildConfiguration section */
		00DAE3EB1CB1976A595E8441 /* Debug */ = {
			isa = XCBuildConfiguration;
			buildSettings = {
				BUNDLE_LOADER = "$(TEST_HOST)";
				GENERATE_INFOPLIST_FILE = NO;
				INFOPLIST_FILE = SleepyUITests/Info.plist;
				LD_RUNPATH_SEARCH_PATHS = (
					"$(inherited)",
					"@executable_path/Frameworks",
					"@loader_path/Frameworks",
				);
				PRODUCT_BUNDLE_IDENTIFIER = com.lingion.sleepy.ios.uitests;
				SDKROOT = iphoneos;
				TARGETED_DEVICE_FAMILY = "1,2";
				TEST_TARGET_NAME = Sleepy;
			};
			name = Debug;
		};
		348FC1E4BFD950C0BA267061 /* Release */ = {
			isa = XCBuildConfiguration;
			buildSettings = {
				ALWAYS_SEARCH_USER_PATHS = NO;
				CLANG_ANALYZER_NONNULL = YES;
				CLANG_ANALYZER_NUMBER_OBJECT_CONVERSION = YES_AGGRESSIVE;
				CLANG_CXX_LANGUAGE_STANDARD = "gnu++14";
				CLANG_CXX_LIBRARY = "libc++";
				CLANG_ENABLE_MODULES = YES;
				CLANG_ENABLE_OBJC_ARC = YES;
				CLANG_ENABLE_OBJC_WEAK = YES;
				CLANG_WARN_BLOCK_CAPTURE_AUTORELEASING = YES;
				CLANG_WARN_BOOL_CONVERSION = YES;
				CLANG_WARN_COMMA = YES;
				CLANG_WARN_CONSTANT_CONVERSION = YES;
				CLANG_WARN_DEPRECATED_OBJC_IMPLEMENTATIONS = YES;
				CLANG_WARN_DIRECT_OBJC_ISA_USAGE = YES_ERROR;
				CLANG_WARN_DOCUMENTATION_COMMENTS = YES;
				CLANG_WARN_EMPTY_BODY = YES;
				CLANG_WARN_ENUM_CONVERSION = YES;
				CLANG_WARN_INFINITE_RECURSION = YES;
				CLANG_WARN_INT_CONVERSION = YES;
				CLANG_WARN_NON_LITERAL_NULL_CONVERSION = YES;
				CLANG_WARN_OBJC_IMPLICIT_RETAIN_SELF = YES;
				CLANG_WARN_OBJC_LITERAL_CONVERSION = YES;
				CLANG_WARN_OBJC_ROOT_CLASS = YES_ERROR;
				CLANG_WARN_QUOTED_INCLUDE_IN_FRAMEWORK_HEADER = YES;
				CLANG_WARN_RANGE_LOOP_ANALYSIS = YES;
				CLANG_WARN_STRICT_PROTOTYPES = YES;
				CLANG_WARN_SUSPICIOUS_MOVE = YES;
				CLANG_WARN_UNGUARDED_AVAILABILITY = YES_AGGRESSIVE;
				CLANG_WARN_UNREACHABLE_CODE = YES;
				CLANG_WARN__DUPLICATE_METHOD_MATCH = YES;
				CODE_SIGN_IDENTITY = "-";
				COPY_PHASE_STRIP = NO;
				DEBUG_INFORMATION_FORMAT = "dwarf-with-dsym";
				ENABLE_NS_ASSERTIONS = NO;
				ENABLE_STRICT_OBJC_MSGSEND = YES;
				GCC_C_LANGUAGE_STANDARD = gnu11;
				GCC_NO_COMMON_BLOCKS = YES;
				GCC_WARN_64_TO_32_BIT_CONVERSION = YES;
				GCC_WARN_ABOUT_RETURN_TYPE = YES_ERROR;
				GCC_WARN_UNDECLARED_SELECTOR = YES;
				GCC_WARN_UNINITIALIZED_AUTOS = YES_AGGRESSIVE;
				GCC_WARN_UNUSED_FUNCTION = YES;
				GCC_WARN_UNUSED_VARIABLE = YES;
				IPHONEOS_DEPLOYMENT_TARGET = 16.0;
				MTL_ENABLE_DEBUG_INFO = NO;
				MTL_FAST_MATH = YES;
				PRODUCT_NAME = "$(TARGET_NAME)";
				SDKROOT = iphoneos;
				SWIFT_COMPILATION_MODE = wholemodule;
				SWIFT_OPTIMIZATION_LEVEL = "-O";
				SWIFT_VERSION = 5.8;
			};
			name = Release;
		};
		5032E51E1E763A0BBF7FB97B /* Release */ = {
			isa = XCBuildConfiguration;
			buildSettings = {
				BUNDLE_LOADER = "$(TEST_HOST)";
				GENERATE_INFOPLIST_FILE = NO;
				INFOPLIST_FILE = SleepyUITests/Info.plist;
				LD_RUNPATH_SEARCH_PATHS = (
					"$(inherited)",
					"@executable_path/Frameworks",
					"@loader_path/Frameworks",
				);
				PRODUCT_BUNDLE_IDENTIFIER = com.lingion.sleepy.ios.uitests;
				SDKROOT = iphoneos;
				TARGETED_DEVICE_FAMILY = "1,2";
				TEST_TARGET_NAME = Sleepy;
			};
			name = Release;
		};
		58571C646A192AD0FBC96644 /* Release */ = {
			isa = XCBuildConfiguration;
			buildSettings = {
				BUNDLE_LOADER = "$(TEST_HOST)";
				GENERATE_INFOPLIST_FILE = NO;
				INFOPLIST_FILE = SleepyTests/Info.plist;
				LD_RUNPATH_SEARCH_PATHS = (
					"$(inherited)",
					"@executable_path/Frameworks",
					"@loader_path/Frameworks",
				);
				PRODUCT_BUNDLE_IDENTIFIER = com.lingion.sleepy.ios.tests;
				SDKROOT = iphoneos;
				TARGETED_DEVICE_FAMILY = "1,2";
				TEST_HOST = "$(BUILT_PRODUCTS_DIR)/Sleepy.app/Sleepy";
			};
			name = Release;
		};
		9BAE93609DB5991397F25D38 /* Debug */ = {
			isa = XCBuildConfiguration;
			buildSettings = {
				BUNDLE_LOADER = "$(TEST_HOST)";
				GENERATE_INFOPLIST_FILE = NO;
				INFOPLIST_FILE = SleepyTests/Info.plist;
				LD_RUNPATH_SEARCH_PATHS = (
					"$(inherited)",
					"@executable_path/Frameworks",
					"@loader_path/Frameworks",
				);
				PRODUCT_BUNDLE_IDENTIFIER = com.lingion.sleepy.ios.tests;
				SDKROOT = iphoneos;
				TARGETED_DEVICE_FAMILY = "1,2";
				TEST_HOST = "$(BUILT_PRODUCTS_DIR)/Sleepy.app/Sleepy";
			};
			name = Debug;
		};
		B6558A02D5FF85C87F8499EF /* Debug */ = {
			isa = XCBuildConfiguration;
			buildSettings = {
				CODE_SIGN_ENTITLEMENTS = SleepyWidget/SleepyWidget.entitlements;
				GENERATE_INFOPLIST_FILE = NO;
				INFOPLIST_FILE = SleepyWidget/Info.plist;
				LD_RUNPATH_SEARCH_PATHS = (
					"$(inherited)",
					"@executable_path/Frameworks",
					"@executable_path/../../Frameworks",
				);
				PRODUCT_BUNDLE_IDENTIFIER = com.lingion.sleepy.ios.widget;
				SDKROOT = iphoneos;
				TARGETED_DEVICE_FAMILY = 1;
			};
			name = Debug;
		};
		D62CC89124250D5D2D305C7B /* Release */ = {
			isa = XCBuildConfiguration;
			buildSettings = {
				CODE_SIGN_ENTITLEMENTS = SleepyWidget/SleepyWidget.entitlements;
				GENERATE_INFOPLIST_FILE = NO;
				INFOPLIST_FILE = SleepyWidget/Info.plist;
				LD_RUNPATH_SEARCH_PATHS = (
					"$(inherited)",
					"@executable_path/Frameworks",
					"@executable_path/../../Frameworks",
				);
				PRODUCT_BUNDLE_IDENTIFIER = com.lingion.sleepy.ios.widget;
				SDKROOT = iphoneos;
				TARGETED_DEVICE_FAMILY = 1;
			};
			name = Release;
		};
		E869182FA6C7B32082175D12 /* Debug */ = {
			isa = XCBuildConfiguration;
			buildSettings = {
				ALWAYS_SEARCH_USER_PATHS = NO;
				CLANG_ANALYZER_NONNULL = YES;
				CLANG_ANALYZER_NUMBER_OBJECT_CONVERSION = YES_AGGRESSIVE;
				CLANG_CXX_LANGUAGE_STANDARD = "gnu++14";
				CLANG_CXX_LIBRARY = "libc++";
				CLANG_ENABLE_MODULES = YES;
				CLANG_ENABLE_OBJC_ARC = YES;
				CLANG_ENABLE_OBJC_WEAK = YES;
				CLANG_WARN_BLOCK_CAPTURE_AUTORELEASING = YES;
				CLANG_WARN_BOOL_CONVERSION = YES;
				CLANG_WARN_COMMA = YES;
				CLANG_WARN_CONSTANT_CONVERSION = YES;
				CLANG_WARN_DEPRECATED_OBJC_IMPLEMENTATIONS = YES;
				CLANG_WARN_DIRECT_OBJC_ISA_USAGE = YES_ERROR;
				CLANG_WARN_DOCUMENTATION_COMMENTS = YES;
				CLANG_WARN_EMPTY_BODY = YES;
				CLANG_WARN_ENUM_CONVERSION = YES;
				CLANG_WARN_INFINITE_RECURSION = YES;
				CLANG_WARN_INT_CONVERSION = YES;
				CLANG_WARN_NON_LITERAL_NULL_CONVERSION = YES;
				CLANG_WARN_OBJC_IMPLICIT_RETAIN_SELF = YES;
				CLANG_WARN_OBJC_LITERAL_CONVERSION = YES;
				CLANG_WARN_OBJC_ROOT_CLASS = YES_ERROR;
				CLANG_WARN_QUOTED_INCLUDE_IN_FRAMEWORK_HEADER = YES;
				CLANG_WARN_RANGE_LOOP_ANALYSIS = YES;
				CLANG_WARN_STRICT_PROTOTYPES = YES;
				CLANG_WARN_SUSPICIOUS_MOVE = YES;
				CLANG_WARN_UNGUARDED_AVAILABILITY = YES_AGGRESSIVE;
				CLANG_WARN_UNREACHABLE_CODE = YES;
				CLANG_WARN__DUPLICATE_METHOD_MATCH = YES;
				CODE_SIGN_IDENTITY = "-";
				COPY_PHASE_STRIP = NO;
				DEBUG_INFORMATION_FORMAT = dwarf;
				ENABLE_STRICT_OBJC_MSGSEND = YES;
				ENABLE_TESTABILITY = YES;
				GCC_C_LANGUAGE_STANDARD = gnu11;
				GCC_DYNAMIC_NO_PIC = NO;
				GCC_NO_COMMON_BLOCKS = YES;
				GCC_OPTIMIZATION_LEVEL = 0;
				GCC_PREPROCESSOR_DEFINITIONS = (
					"$(inherited)",
					"DEBUG=1",
				);
				GCC_WARN_64_TO_32_BIT_CONVERSION = YES;
				GCC_WARN_ABOUT_RETURN_TYPE = YES_ERROR;
				GCC_WARN_UNDECLARED_SELECTOR = YES;
				GCC_WARN_UNINITIALIZED_AUTOS = YES_AGGRESSIVE;
				GCC_WARN_UNUSED_FUNCTION = YES;
				GCC_WARN_UNUSED_VARIABLE = YES;
				IPHONEOS_DEPLOYMENT_TARGET = 16.0;
				MTL_ENABLE_DEBUG_INFO = INCLUDE_SOURCE;
				MTL_FAST_MATH = YES;
				ONLY_ACTIVE_ARCH = YES;
				PRODUCT_NAME = "$(TARGET_NAME)";
				SDKROOT = iphoneos;
				SWIFT_ACTIVE_COMPILATION_CONDITIONS = DEBUG;
				SWIFT_OPTIMIZATION_LEVEL = "-Onone";
				SWIFT_VERSION = 5.8;
			};
			name = Debug;
		};
		FA14003712A63B4804A5A692 /* Debug */ = {
			isa = XCBuildConfiguration;
			buildSettings = {
				ASSETCATALOG_COMPILER_APPICON_NAME = AppIcon;
				CODE_SIGN_ENTITLEMENTS = Sleepy/Sleepy.entitlements;
				CODE_SIGN_IDENTITY = "iPhone Developer";
				GENERATE_INFOPLIST_FILE = NO;
				INFOPLIST_FILE = Sleepy/Info.plist;
				LD_RUNPATH_SEARCH_PATHS = (
					"$(inherited)",
					"@executable_path/Frameworks",
				);
				PRODUCT_BUNDLE_IDENTIFIER = com.lingion.sleepy.ios;
				SDKROOT = iphoneos;
				TARGETED_DEVICE_FAMILY = 1;
			};
			name = Debug;
		};
		FD010349CC7692DE2DCCF5BA /* Release */ = {
			isa = XCBuildConfiguration;
			buildSettings = {
				ASSETCATALOG_COMPILER_APPICON_NAME = AppIcon;
				CODE_SIGN_ENTITLEMENTS = Sleepy/Sleepy.entitlements;
				CODE_SIGN_IDENTITY = "iPhone Developer";
				GENERATE_INFOPLIST_FILE = NO;
				INFOPLIST_FILE = Sleepy/Info.plist;
				LD_RUNPATH_SEARCH_PATHS = (
					"$(inherited)",
					"@executable_path/Frameworks",
				);
				PRODUCT_BUNDLE_IDENTIFIER = com.lingion.sleepy.ios;
				SDKROOT = iphoneos;
				TARGETED_DEVICE_FAMILY = 1;
			};
			name = Release;
		};
/* End XCBuildConfiguration section */

/* Begin XCConfigurationList section */
		41D457B0F319DA4C2C0ABC4E /* Build configuration list for PBXNativeTarget "SleepyUITests" */ = {
			isa = XCConfigurationList;
			buildConfigurations = (
				00DAE3EB1CB1976A595E8441 /* Debug */,
				5032E51E1E763A0BBF7FB97B /* Release */,
			);
			defaultConfigurationIsVisible = 0;
			defaultConfigurationName = Debug;
		};
		89061485F673DD77013BF26B /* Build configuration list for PBXNativeTarget "SleepyTests" */ = {
			isa = XCConfigurationList;
			buildConfigurations = (
				9BAE93609DB5991397F25D38 /* Debug */,
				58571C646A192AD0FBC96644 /* Release */,
			);
			defaultConfigurationIsVisible = 0;
			defaultConfigurationName = Debug;
		};
		9A440B4B129E8238A8A4A9B8 /* Build configuration list for PBXNativeTarget "Sleepy" */ = {
			isa = XCConfigurationList;
			buildConfigurations = (
				FA14003712A63B4804A5A692 /* Debug */,
				FD010349CC7692DE2DCCF5BA /* Release */,
			);
			defaultConfigurationIsVisible = 0;
			defaultConfigurationName = Debug;
		};
		A9CD7C1A24E3D3AA9A18F53C /* Build configuration list for PBXProject "Sleepy" */ = {
			isa = XCConfigurationList;
			buildConfigurations = (
				E869182FA6C7B32082175D12 /* Debug */,
				348FC1E4BFD950C0BA267061 /* Release */,
			);
			defaultConfigurationIsVisible = 0;
			defaultConfigurationName = Debug;
		};
		E1C73F6FACECFFA94DB3F0BA /* Build configuration list for PBXNativeTarget "SleepyWidget" */ = {
			isa = XCConfigurationList;
			buildConfigurations = (
				B6558A02D5FF85C87F8499EF /* Debug */,
				D62CC89124250D5D2D305C7B /* Release */,
			);
			defaultConfigurationIsVisible = 0;
			defaultConfigurationName = Debug;
		};
/* End XCConfigurationList section */

/* Begin XCRemoteSwiftPackageReference section */
		044CD492B0AAF0A309C16EA0 /* XCRemoteSwiftPackageReference "SwiftSoup" */ = {
			isa = XCRemoteSwiftPackageReference;
			repositoryURL = "https://gh.qdp.qzz.io/scinfu/SwiftSoup.git";
			requirement = {
				kind = exactVersion;
				version = 2.7.3;
			};
		};
		781557E357F7D0E5647419BF /* XCRemoteSwiftPackageReference "GRDB.swift" */ = {
			isa = XCRemoteSwiftPackageReference;
			repositoryURL = "https://gh.qdp.qzz.io/groue/GRDB.swift.git";
			requirement = {
				kind = upToNextMajorVersion;
				minimumVersion = 6.29.3;
			};
		};
/* End XCRemoteSwiftPackageReference section */

/* Begin XCSwiftPackageProductDependency section */
		3899CC7A7D018A6D641C5E75 /* GRDB */ = {
			isa = XCSwiftPackageProductDependency;
			package = 781557E357F7D0E5647419BF /* XCRemoteSwiftPackageReference "GRDB.swift" */;
			productName = GRDB;
		};
		49A964FB8D50A5C8458C305A /* SwiftSoup */ = {
			isa = XCSwiftPackageProductDependency;
			package = 044CD492B0AAF0A309C16EA0 /* XCRemoteSwiftPackageReference "SwiftSoup" */;
			productName = SwiftSoup;
		};
		9479A91B84B8B1735A6AC878 /* SwiftSoup */ = {
			isa = XCSwiftPackageProductDependency;
			package = 044CD492B0AAF0A309C16EA0 /* XCRemoteSwiftPackageReference "SwiftSoup" */;
			productName = SwiftSoup;
		};
		B58142DA4B1A49633BB19A05 /* GRDB */ = {
			isa = XCSwiftPackageProductDependency;
			package = 781557E357F7D0E5647419BF /* XCRemoteSwiftPackageReference "GRDB.swift" */;
			productName = GRDB;
		};
/* End XCSwiftPackageProductDependency section */
	};
	rootObject = 91C202EC74046D089FFA0F14 /* Project object */;
}
